PODS:
  - Dip (7.0.1)
  - PinLayout (1.8.13)
  - Reveal-SDK (24)

DEPENDENCIES:
  - Dip
  - PinLayout
  - Reveal-SDK

SPEC REPOS:
  trunk:
    - Dip
    - PinLayout
    - Reveal-SDK

SPEC CHECKSUMS:
  Dip: 79509d5dc4f648e10e922ed79c608a7761c52b13
  PinLayout: e41a50260a76508b7a7fcee8955c76639adc69bc
  Reveal-SDK: 5d7e56b8f018c0a88b3a2c10bf68d598bbd3b071

PODFILE CHECKSUM: 3e7ec03957e1937e3724270624e727bb4b5a529e

COCOAPODS: 1.8.4
