// !$*UTF8*$!
{
	archiveVersion = 1;
	classes = {
	};
	objectVersion = 77;
	objects = {

/* Begin PBXBuildFile section */
		07B23DCC731385F17FCFF2D0 /* MainViewModelHistoryTests.swift in Sources */ = {isa = PBXBuildFile; fileRef = BFABD479B85056AA6CBF97AE /* MainViewModelHistoryTests.swift */; };
		11B06C5B46EB33B710251AE0 /* String.swift in Sources */ = {isa = PBXBuildFile; fileRef = CCE083F905AF1AF16FDC019A /* String.swift */; };
		13E71104758BFF589C56AAA6 /* Margin.swift in Sources */ = {isa = PBXBuildFile; fileRef = FDB54146483781F33C049B53 /* Margin.swift */; };
		14F731D08E4A3AEC0D23F6DB /* HistoryRepositoryTests.swift in Sources */ = {isa = PBXBuildFile; fileRef = BE215E918F0C063E4A8F1BE4 /* HistoryRepositoryTests.swift */; };
		21283507C0781EADFC97652E /* MonthlyCapitalPDFDocument.swift in Sources */ = {isa = PBXBuildFile; fileRef = E0F1BDB66E57EB3090B5A8C9 /* MonthlyCapitalPDFDocument.swift */; };
		27E208DA60E9DA9E9FF3F54F /* GradientButton.swift in Sources */ = {isa = PBXBuildFile; fileRef = EEFB2813A33E6BD0C73902B3 /* GradientButton.swift */; };
		2F920FF8A233929D7F01CD30 /* HistoryStoreTests.swift in Sources */ = {isa = PBXBuildFile; fileRef = 9CD9BD0E8A5CD7FA0EB4DC08 /* HistoryStoreTests.swift */; };
		3220E65D8B3F90F9AB71E7B9 /* Preview Assets.xcassets in Resources */ = {isa = PBXBuildFile; fileRef = CF086DBAF4E729180A8D5996 /* Preview Assets.xcassets */; };
		33CB65A4AA258439D25728BF /* YieldChartSectionView.swift in Sources */ = {isa = PBXBuildFile; fileRef = 2A409C86F25C908A064DB1E7 /* YieldChartSectionView.swift */; };
		3450079D926B96B84F0254FD /* KeyIndicator.swift in Sources */ = {isa = PBXBuildFile; fileRef = CF831837A5470DE6B58DE5F1 /* KeyIndicator.swift */; };
		3D381044375735259ECEC29F /* HistoryDay.swift in Sources */ = {isa = PBXBuildFile; fileRef = 7EF3175386403EE81D7D088C /* HistoryDay.swift */; };
		443430662322B84E97E0CE0A /* MainParametersView.swift in Sources */ = {isa = PBXBuildFile; fileRef = C7406DD2B70ED28EF31AC11B /* MainParametersView.swift */; };
		44F511D896074D51F334E6F4 /* HistoryValueRowView.swift in Sources */ = {isa = PBXBuildFile; fileRef = F40CEB331625C352F2F12D44 /* HistoryValueRowView.swift */; };
		458CA66BF9A6798F746A9EB2 /* MainResultView.swift in Sources */ = {isa = PBXBuildFile; fileRef = 81E449015FA1EE2ADF23043E /* MainResultView.swift */; };
		492CFBECFD7E53E118A97E74 /* CalculationInput.swift in Sources */ = {isa = PBXBuildFile; fileRef = 78EEE570362ED658C2C63E18 /* CalculationInput.swift */; };
		4CA4BC8A49518D2F9AC3FC49 /* HistoryRowViewData.swift in Sources */ = {isa = PBXBuildFile; fileRef = D204ED217106326FC4D3A927 /* HistoryRowViewData.swift */; };
		565B1369328CAA5FD2A9C750 /* KeyMetricRowView.swift in Sources */ = {isa = PBXBuildFile; fileRef = 3AF7F20ECEF24CE8B46C84C9 /* KeyMetricRowView.swift */; };
		5919CBBB7E59C29570FAD371 /* MonthlyCapitalListView.swift in Sources */ = {isa = PBXBuildFile; fileRef = 9375CAC0998DEF60BF4FEB4B /* MonthlyCapitalListView.swift */; };
		594BEDA951AA0C2237190D84 /* HistoryRowView.swift in Sources */ = {isa = PBXBuildFile; fileRef = 672C58D079BC6FE966588893 /* HistoryRowView.swift */; };
		5A913ADE9B9BD0650A83698A /* SFSymbols.swift in Sources */ = {isa = PBXBuildFile; fileRef = 3B3EDEE838DDBA7E38D4843A /* SFSymbols.swift */; };
		65DA63724EEFBE2641C2B417 /* HistoryStore.swift in Sources */ = {isa = PBXBuildFile; fileRef = 1970128613F5407FB6FB0C61 /* HistoryStore.swift */; };
		6B0460E4C499745222D75030 /* MainParameterInputView.swift in Sources */ = {isa = PBXBuildFile; fileRef = 62138BC680D74B7973D3D941 /* MainParameterInputView.swift */; };
		6B6C212065E0FE99B7E6A62F /* PeriodView.swift in Sources */ = {isa = PBXBuildFile; fileRef = 24EB0C58786FE533117B969E /* PeriodView.swift */; };
		71DCC8B3363CEAF938A042E4 /* SwiftDataStore.swift in Sources */ = {isa = PBXBuildFile; fileRef = 59D83EE5DD2ACD2598881D65 /* SwiftDataStore.swift */; };
		73DF3ECC747967BC32AC7F38 /* Localizations.swift in Sources */ = {isa = PBXBuildFile; fileRef = 1887E6DF0DF66FE1C9BC5E36 /* Localizations.swift */; };
		79FF82668D17B5D3933B8941 /* Images.xcassets in Resources */ = {isa = PBXBuildFile; fileRef = D86B273B06D2F790B8828310 /* Images.xcassets */; };
		7ECE7D046CF9FB63B00BDED5 /* MonthlyCapitalChartTooltipView.swift in Sources */ = {isa = PBXBuildFile; fileRef = 9D11FF40492A43F9A2A82D14 /* MonthlyCapitalChartTooltipView.swift */; };
		82622A7456C823F401B1ADF5 /* MainViewModel.swift in Sources */ = {isa = PBXBuildFile; fileRef = 04922522CBE53776088DDAAA /* MainViewModel.swift */; };
		828C787997F32A0C3E321D95 /* MonthlyCapitalChartView.swift in Sources */ = {isa = PBXBuildFile; fileRef = 35E54EF1B4D727C41F64F6C6 /* MonthlyCapitalChartView.swift */; };
		8E6981FEE4F72209123BDA07 /* Decimal.swift in Sources */ = {isa = PBXBuildFile; fileRef = 59FB24BEEE798D69E42B5576 /* Decimal.swift */; };
		8F282C8BFCF29F14E9A7BBD8 /* MainView.swift in Sources */ = {isa = PBXBuildFile; fileRef = 1865DF4CD5647D3E9D1778E5 /* MainView.swift */; };
		8F740EED113D852A23726179 /* ApplicationSupportDirectory.swift in Sources */ = {isa = PBXBuildFile; fileRef = F15C5BFA2DD97F3588733085 /* ApplicationSupportDirectory.swift */; };
		9163F43BF5A5EB7385131D31 /* HistoryViewModel.swift in Sources */ = {isa = PBXBuildFile; fileRef = 78175A6BFA257AE3A64BE3AF /* HistoryViewModel.swift */; };
		9C13422F33F02418C9C508AD /* DecimalTextFormatter.swift in Sources */ = {isa = PBXBuildFile; fileRef = 3F158856B9DE7B9C1E097BBA /* DecimalTextFormatter.swift */; };
		A043F8035D7202960CEB4288 /* KeyMetricsView.swift in Sources */ = {isa = PBXBuildFile; fileRef = B2714874680E1659A81CFAD5 /* KeyMetricsView.swift */; };
		A384F1CD0BB97218ED7567F0 /* HistoryView.swift in Sources */ = {isa = PBXBuildFile; fileRef = 20406413FAEFF8055FC4BEF9 /* HistoryView.swift */; };
		A8410EA9010C77368680774B /* UnavailableHistoryRepository.swift in Sources */ = {isa = PBXBuildFile; fileRef = 01161CDBB2F0DC47E229C77C /* UnavailableHistoryRepository.swift */; };
		A9DD5901B82DE085EDC1476A /* DecimalInputView.swift in Sources */ = {isa = PBXBuildFile; fileRef = 1AFB0DA7F9EDC2338FA87840 /* DecimalInputView.swift */; };
		AB7E0B006D4C697D642CFD46 /* MainParameter.swift in Sources */ = {isa = PBXBuildFile; fileRef = 20F13D3E784FB9BBE8D27494 /* MainParameter.swift */; };
		AC786DA6585357E056DA0354 /* KeyIndicatorResult.swift in Sources */ = {isa = PBXBuildFile; fileRef = 4399A957DE7C618759116C4A /* KeyIndicatorResult.swift */; };
		AD515E0DF3607AF2C482E0D4 /* InvestmentDurationUnit.swift in Sources */ = {isa = PBXBuildFile; fileRef = 9598F272EECEE6BAE3380BB9 /* InvestmentDurationUnit.swift */; };
		BAF7B755DDE19A58C7CF8615 /* ContributionFrequencyView.swift in Sources */ = {isa = PBXBuildFile; fileRef = 68FB1BFED58431391997A8C2 /* ContributionFrequencyView.swift */; };
		BB3B890EA8CE152193177144 /* HintView.swift in Sources */ = {isa = PBXBuildFile; fileRef = BE9D2C8D8DD169804918A4F9 /* HintView.swift */; };
		C09D87E14E138266BF3D4D7E /* ChartView.swift in Sources */ = {isa = PBXBuildFile; fileRef = EFF365D1792E52CC3D6A8F99 /* ChartView.swift */; };
		CBB02AD6C179335DBA8CC33E /* Calendar.swift in Sources */ = {isa = PBXBuildFile; fileRef = 618423955671F1A9681FEF9A /* Calendar.swift */; };
		CD3F817D7F33A8C7E51ACF72 /* HistoryEntry.swift in Sources */ = {isa = PBXBuildFile; fileRef = 9966AA11349CD4DBD5F2DBCA /* HistoryEntry.swift */; };
		D34503D9264B96C34BD00397 /* HistoryViewModelTests.swift in Sources */ = {isa = PBXBuildFile; fileRef = 436983964D501536A5378C4E /* HistoryViewModelTests.swift */; };
		D5A7746D701DFF88C557F2C2 /* InMemoryHistoryRepository.swift in Sources */ = {isa = PBXBuildFile; fileRef = 01E11D8D58A9AE4EC63E88A6 /* InMemoryHistoryRepository.swift */; };
		D61F7012B494BA6D61A374FE /* Localizable.strings in Resources */ = {isa = PBXBuildFile; fileRef = 487657362B63BDD8AC6AA5EA /* Localizable.strings */; };
		D86DCB59DEE4B3E5CB4A7770 /* SwiftDataHistoryRepository.swift in Sources */ = {isa = PBXBuildFile; fileRef = 487BAF337C7F0888759373E1 /* SwiftDataHistoryRepository.swift */; };
		DA37F6F6B79C39E9CF6E2A9D /* InvestmentDurationUnitView.swift in Sources */ = {isa = PBXBuildFile; fileRef = 543394E298D1D8CC6C45052D /* InvestmentDurationUnitView.swift */; };
		DEB32F0379C5EEF1BC03EB86 /* AppFont.swift in Sources */ = {isa = PBXBuildFile; fileRef = 513D6A0F10185300F02031B3 /* AppFont.swift */; };
		DFB098ABE5035D32442C2C54 /* NumberFormatter.swift in Sources */ = {isa = PBXBuildFile; fileRef = E0A360026366A347A321F2BF /* NumberFormatter.swift */; };
		E580B8566800A98D44CA7567 /* MainApp.swift in Sources */ = {isa = PBXBuildFile; fileRef = 33114843835EE439423DBEA7 /* MainApp.swift */; };
		EE15D38422A03D2B250138E0 /* HistoryModel.swift in Sources */ = {isa = PBXBuildFile; fileRef = 28B29FAAB2C6C2D09BF83341 /* HistoryModel.swift */; };
		EE2B8F2EA37A0F764D327939 /* HistoryMigrationPlan.swift in Sources */ = {isa = PBXBuildFile; fileRef = D3D05C4724DDDB7F3DCC215C /* HistoryMigrationPlan.swift */; };
		EF38ADA51DF19E2BAFDF3CC8 /* RootView.swift in Sources */ = {isa = PBXBuildFile; fileRef = F8C2232E15EF45E7D534E522 /* RootView.swift */; };
		EF98ECCA04F30F8656E9C085 /* Colors.xcassets in Resources */ = {isa = PBXBuildFile; fileRef = B9A195CABE14B381B328F268 /* Colors.xcassets */; };
		F0FD25065B47C5A3D1929886 /* ContributionFrequency.swift in Sources */ = {isa = PBXBuildFile; fileRef = 596A127C8CC1653360AAEB2F /* ContributionFrequency.swift */; };
		FB52F5817D1C792E87147310 /* HistorySchemaV1.swift in Sources */ = {isa = PBXBuildFile; fileRef = 7656C29F78E68841DE251C96 /* HistorySchemaV1.swift */; };
		FF71BA5C4FF80FB32B7EC0DF /* HistoryRepository.swift in Sources */ = {isa = PBXBuildFile; fileRef = 310AAA72173205B2E505EFF2 /* HistoryRepository.swift */; };
/* End PBXBuildFile section */

/* Begin PBXContainerItemProxy section */
		D412FA294869A76284CD811B /* PBXContainerItemProxy */ = {
			isa = PBXContainerItemProxy;
			containerPortal = D534FED98A86DCFF5B50BF1D /* Project object */;
			proxyType = 1;
			remoteGlobalIDString = B9EED7BDFB1C2CDCC9CB5E55;
			remoteInfo = CompoundInterest;
		};
/* End PBXContainerItemProxy section */

/* Begin PBXFileReference section */
		01161CDBB2F0DC47E229C77C /* UnavailableHistoryRepository.swift */ = {isa = PBXFileReference; lastKnownFileType = sourcecode.swift; path = UnavailableHistoryRepository.swift; sourceTree = "<group>"; };
		01E11D8D58A9AE4EC63E88A6 /* InMemoryHistoryRepository.swift */ = {isa = PBXFileReference; lastKnownFileType = sourcecode.swift; path = InMemoryHistoryRepository.swift; sourceTree = "<group>"; };
		04922522CBE53776088DDAAA /* MainViewModel.swift */ = {isa = PBXFileReference; lastKnownFileType = sourcecode.swift; path = MainViewModel.swift; sourceTree = "<group>"; };
		0A5A92225E3313B679B54C1E /* ru */ = {isa = PBXFileReference; lastKnownFileType = text.plist.strings; name = ru; path = ru.lproj/Localizable.strings; sourceTree = "<group>"; };
		1865DF4CD5647D3E9D1778E5 /* MainView.swift */ = {isa = PBXFileReference; lastKnownFileType = sourcecode.swift; path = MainView.swift; sourceTree = "<group>"; };
		1887E6DF0DF66FE1C9BC5E36 /* Localizations.swift */ = {isa = PBXFileReference; lastKnownFileType = sourcecode.swift; path = Localizations.swift; sourceTree = "<group>"; };
		1970128613F5407FB6FB0C61 /* HistoryStore.swift */ = {isa = PBXFileReference; lastKnownFileType = sourcecode.swift; path = HistoryStore.swift; sourceTree = "<group>"; };
		1AFB0DA7F9EDC2338FA87840 /* DecimalInputView.swift */ = {isa = PBXFileReference; lastKnownFileType = sourcecode.swift; path = DecimalInputView.swift; sourceTree = "<group>"; };
		20406413FAEFF8055FC4BEF9 /* HistoryView.swift */ = {isa = PBXFileReference; lastKnownFileType = sourcecode.swift; path = HistoryView.swift; sourceTree = "<group>"; };
		20F13D3E784FB9BBE8D27494 /* MainParameter.swift */ = {isa = PBXFileReference; lastKnownFileType = sourcecode.swift; path = MainParameter.swift; sourceTree = "<group>"; };
		24EB0C58786FE533117B969E /* PeriodView.swift */ = {isa = PBXFileReference; lastKnownFileType = sourcecode.swift; path = PeriodView.swift; sourceTree = "<group>"; };
		28B29FAAB2C6C2D09BF83341 /* HistoryModel.swift */ = {isa = PBXFileReference; lastKnownFileType = sourcecode.swift; path = HistoryModel.swift; sourceTree = "<group>"; };
		2A409C86F25C908A064DB1E7 /* YieldChartSectionView.swift */ = {isa = PBXFileReference; lastKnownFileType = sourcecode.swift; path = YieldChartSectionView.swift; sourceTree = "<group>"; };
		310AAA72173205B2E505EFF2 /* HistoryRepository.swift */ = {isa = PBXFileReference; lastKnownFileType = sourcecode.swift; path = HistoryRepository.swift; sourceTree = "<group>"; };
		33114843835EE439423DBEA7 /* MainApp.swift */ = {isa = PBXFileReference; lastKnownFileType = sourcecode.swift; path = MainApp.swift; sourceTree = "<group>"; };
		35E54EF1B4D727C41F64F6C6 /* MonthlyCapitalChartView.swift */ = {isa = PBXFileReference; lastKnownFileType = sourcecode.swift; path = MonthlyCapitalChartView.swift; sourceTree = "<group>"; };
		3AF7F20ECEF24CE8B46C84C9 /* KeyMetricRowView.swift */ = {isa = PBXFileReference; lastKnownFileType = sourcecode.swift; path = KeyMetricRowView.swift; sourceTree = "<group>"; };
		3B3EDEE838DDBA7E38D4843A /* SFSymbols.swift */ = {isa = PBXFileReference; lastKnownFileType = sourcecode.swift; path = SFSymbols.swift; sourceTree = "<group>"; };
		3F158856B9DE7B9C1E097BBA /* DecimalTextFormatter.swift */ = {isa = PBXFileReference; lastKnownFileType = sourcecode.swift; path = DecimalTextFormatter.swift; sourceTree = "<group>"; };
		436983964D501536A5378C4E /* HistoryViewModelTests.swift */ = {isa = PBXFileReference; lastKnownFileType = sourcecode.swift; path = HistoryViewModelTests.swift; sourceTree = "<group>"; };
		4399A957DE7C618759116C4A /* KeyIndicatorResult.swift */ = {isa = PBXFileReference; lastKnownFileType = sourcecode.swift; path = KeyIndicatorResult.swift; sourceTree = "<group>"; };
		487BAF337C7F0888759373E1 /* SwiftDataHistoryRepository.swift */ = {isa = PBXFileReference; lastKnownFileType = sourcecode.swift; path = SwiftDataHistoryRepository.swift; sourceTree = "<group>"; };
		513D6A0F10185300F02031B3 /* AppFont.swift */ = {isa = PBXFileReference; lastKnownFileType = sourcecode.swift; path = AppFont.swift; sourceTree = "<group>"; };
		543394E298D1D8CC6C45052D /* InvestmentDurationUnitView.swift */ = {isa = PBXFileReference; lastKnownFileType = sourcecode.swift; path = InvestmentDurationUnitView.swift; sourceTree = "<group>"; };
		596A127C8CC1653360AAEB2F /* ContributionFrequency.swift */ = {isa = PBXFileReference; lastKnownFileType = sourcecode.swift; path = ContributionFrequency.swift; sourceTree = "<group>"; };
		59D83EE5DD2ACD2598881D65 /* SwiftDataStore.swift */ = {isa = PBXFileReference; lastKnownFileType = sourcecode.swift; path = SwiftDataStore.swift; sourceTree = "<group>"; };
		59FB24BEEE798D69E42B5576 /* Decimal.swift */ = {isa = PBXFileReference; lastKnownFileType = sourcecode.swift; path = Decimal.swift; sourceTree = "<group>"; };
		618423955671F1A9681FEF9A /* Calendar.swift */ = {isa = PBXFileReference; lastKnownFileType = sourcecode.swift; path = Calendar.swift; sourceTree = "<group>"; };
		62138BC680D74B7973D3D941 /* MainParameterInputView.swift */ = {isa = PBXFileReference; lastKnownFileType = sourcecode.swift; path = MainParameterInputView.swift; sourceTree = "<group>"; };
		672C58D079BC6FE966588893 /* HistoryRowView.swift */ = {isa = PBXFileReference; lastKnownFileType = sourcecode.swift; path = HistoryRowView.swift; sourceTree = "<group>"; };
		68FB1BFED58431391997A8C2 /* ContributionFrequencyView.swift */ = {isa = PBXFileReference; lastKnownFileType = sourcecode.swift; path = ContributionFrequencyView.swift; sourceTree = "<group>"; };
		697A2BE254481AA7FD379275 /* en */ = {isa = PBXFileReference; lastKnownFileType = text.plist.strings; name = en; path = en.lproj/Localizable.strings; sourceTree = "<group>"; };
		7656C29F78E68841DE251C96 /* HistorySchemaV1.swift */ = {isa = PBXFileReference; lastKnownFileType = sourcecode.swift; path = HistorySchemaV1.swift; sourceTree = "<group>"; };
		78175A6BFA257AE3A64BE3AF /* HistoryViewModel.swift */ = {isa = PBXFileReference; lastKnownFileType = sourcecode.swift; path = HistoryViewModel.swift; sourceTree = "<group>"; };
		78EEE570362ED658C2C63E18 /* CalculationInput.swift */ = {isa = PBXFileReference; lastKnownFileType = sourcecode.swift; path = CalculationInput.swift; sourceTree = "<group>"; };
		7EF3175386403EE81D7D088C /* HistoryDay.swift */ = {isa = PBXFileReference; lastKnownFileType = sourcecode.swift; path = HistoryDay.swift; sourceTree = "<group>"; };
		81E449015FA1EE2ADF23043E /* MainResultView.swift */ = {isa = PBXFileReference; lastKnownFileType = sourcecode.swift; path = MainResultView.swift; sourceTree = "<group>"; };
		9375CAC0998DEF60BF4FEB4B /* MonthlyCapitalListView.swift */ = {isa = PBXFileReference; lastKnownFileType = sourcecode.swift; path = MonthlyCapitalListView.swift; sourceTree = "<group>"; };
		9598F272EECEE6BAE3380BB9 /* InvestmentDurationUnit.swift */ = {isa = PBXFileReference; lastKnownFileType = sourcecode.swift; path = InvestmentDurationUnit.swift; sourceTree = "<group>"; };
		9966AA11349CD4DBD5F2DBCA /* HistoryEntry.swift */ = {isa = PBXFileReference; lastKnownFileType = sourcecode.swift; path = HistoryEntry.swift; sourceTree = "<group>"; };
		9CD9BD0E8A5CD7FA0EB4DC08 /* HistoryStoreTests.swift */ = {isa = PBXFileReference; lastKnownFileType = sourcecode.swift; path = HistoryStoreTests.swift; sourceTree = "<group>"; };
		9D11FF40492A43F9A2A82D14 /* MonthlyCapitalChartTooltipView.swift */ = {isa = PBXFileReference; lastKnownFileType = sourcecode.swift; path = MonthlyCapitalChartTooltipView.swift; sourceTree = "<group>"; };
		AA3BCBAC321074FC0238FC5F /* UnitTests.xctest */ = {isa = PBXFileReference; includeInIndex = 0; lastKnownFileType = wrapper.cfbundle; path = UnitTests.xctest; sourceTree = BUILT_PRODUCTS_DIR; };
		B2714874680E1659A81CFAD5 /* KeyMetricsView.swift */ = {isa = PBXFileReference; lastKnownFileType = sourcecode.swift; path = KeyMetricsView.swift; sourceTree = "<group>"; };
		B9A195CABE14B381B328F268 /* Colors.xcassets */ = {isa = PBXFileReference; lastKnownFileType = folder.assetcatalog; path = Colors.xcassets; sourceTree = "<group>"; };
		BE215E918F0C063E4A8F1BE4 /* HistoryRepositoryTests.swift */ = {isa = PBXFileReference; lastKnownFileType = sourcecode.swift; path = HistoryRepositoryTests.swift; sourceTree = "<group>"; };
		BE9D2C8D8DD169804918A4F9 /* HintView.swift */ = {isa = PBXFileReference; lastKnownFileType = sourcecode.swift; path = HintView.swift; sourceTree = "<group>"; };
		BFABD479B85056AA6CBF97AE /* MainViewModelHistoryTests.swift */ = {isa = PBXFileReference; lastKnownFileType = sourcecode.swift; path = MainViewModelHistoryTests.swift; sourceTree = "<group>"; };
		C7406DD2B70ED28EF31AC11B /* MainParametersView.swift */ = {isa = PBXFileReference; lastKnownFileType = sourcecode.swift; path = MainParametersView.swift; sourceTree = "<group>"; };
		CCE083F905AF1AF16FDC019A /* String.swift */ = {isa = PBXFileReference; lastKnownFileType = sourcecode.swift; path = String.swift; sourceTree = "<group>"; };
		CF086DBAF4E729180A8D5996 /* Preview Assets.xcassets */ = {isa = PBXFileReference; lastKnownFileType = folder.assetcatalog; path = "Preview Assets.xcassets"; sourceTree = "<group>"; };
		CF831837A5470DE6B58DE5F1 /* KeyIndicator.swift */ = {isa = PBXFileReference; lastKnownFileType = sourcecode.swift; path = KeyIndicator.swift; sourceTree = "<group>"; };
		D204ED217106326FC4D3A927 /* HistoryRowViewData.swift */ = {isa = PBXFileReference; lastKnownFileType = sourcecode.swift; path = HistoryRowViewData.swift; sourceTree = "<group>"; };
		D3D05C4724DDDB7F3DCC215C /* HistoryMigrationPlan.swift */ = {isa = PBXFileReference; lastKnownFileType = sourcecode.swift; path = HistoryMigrationPlan.swift; sourceTree = "<group>"; };
		D86B273B06D2F790B8828310 /* Images.xcassets */ = {isa = PBXFileReference; lastKnownFileType = folder.assetcatalog; path = Images.xcassets; sourceTree = "<group>"; };
		E0A360026366A347A321F2BF /* NumberFormatter.swift */ = {isa = PBXFileReference; lastKnownFileType = sourcecode.swift; path = NumberFormatter.swift; sourceTree = "<group>"; };
		E0F1BDB66E57EB3090B5A8C9 /* MonthlyCapitalPDFDocument.swift */ = {isa = PBXFileReference; lastKnownFileType = sourcecode.swift; path = MonthlyCapitalPDFDocument.swift; sourceTree = "<group>"; };
		ED67AFD2F3849EB9B42FAC31 /* CompoundInterest.app */ = {isa = PBXFileReference; includeInIndex = 0; lastKnownFileType = wrapper.application; path = CompoundInterest.app; sourceTree = BUILT_PRODUCTS_DIR; };
		EEFB2813A33E6BD0C73902B3 /* GradientButton.swift */ = {isa = PBXFileReference; lastKnownFileType = sourcecode.swift; path = GradientButton.swift; sourceTree = "<group>"; };
		EFF365D1792E52CC3D6A8F99 /* ChartView.swift */ = {isa = PBXFileReference; lastKnownFileType = sourcecode.swift; path = ChartView.swift; sourceTree = "<group>"; };
		F15C5BFA2DD97F3588733085 /* ApplicationSupportDirectory.swift */ = {isa = PBXFileReference; lastKnownFileType = sourcecode.swift; path = ApplicationSupportDirectory.swift; sourceTree = "<group>"; };
		F40CEB331625C352F2F12D44 /* HistoryValueRowView.swift */ = {isa = PBXFileReference; lastKnownFileType = sourcecode.swift; path = HistoryValueRowView.swift; sourceTree = "<group>"; };
		F8C2232E15EF45E7D534E522 /* RootView.swift */ = {isa = PBXFileReference; lastKnownFileType = sourcecode.swift; path = RootView.swift; sourceTree = "<group>"; };
		FDB54146483781F33C049B53 /* Margin.swift */ = {isa = PBXFileReference; lastKnownFileType = sourcecode.swift; path = Margin.swift; sourceTree = "<group>"; };
/* End PBXFileReference section */

/* Begin PBXGroup section */
		12D4AA3E6FD0B7DCF6047C83 /* Compound Interest */ = {
			isa = PBXGroup;
			children = (
				6917C13C9D901291FABB3626 /* App */,
				C822FEC29ABD9600E4F3F69F /* Common */,
				FD5EF4644331ED021CDCF813 /* Core */,
				8A4D9CB3960C38756DDF8D0B /* Flows */,
				F790B654FF59ECB9119AEFE2 /* Infrastructure */,
				65C8FF8906A15057159652BF /* Model */,
				DD9648E9612AF990EEBF4122 /* Resources */,
			);
			path = "Compound Interest";
			sourceTree = "<group>";
		};
		33F162881A0DB8957F090A1A /* Views */ = {
			isa = PBXGroup;
			children = (
				68FB1BFED58431391997A8C2 /* ContributionFrequencyView.swift */,
				1AFB0DA7F9EDC2338FA87840 /* DecimalInputView.swift */,
				543394E298D1D8CC6C45052D /* InvestmentDurationUnitView.swift */,
				3AF7F20ECEF24CE8B46C84C9 /* KeyMetricRowView.swift */,
				B2714874680E1659A81CFAD5 /* KeyMetricsView.swift */,
				62138BC680D74B7973D3D941 /* MainParameterInputView.swift */,
				C7406DD2B70ED28EF31AC11B /* MainParametersView.swift */,
				81E449015FA1EE2ADF23043E /* MainResultView.swift */,
				9375CAC0998DEF60BF4FEB4B /* MonthlyCapitalListView.swift */,
				24EB0C58786FE533117B969E /* PeriodView.swift */,
				2A409C86F25C908A064DB1E7 /* YieldChartSectionView.swift */,
			);
			path = Views;
			sourceTree = "<group>";
		};
		35622F84FFB042A7D022A2B4 /* Generated */ = {
			isa = PBXGroup;
			children = (
				1887E6DF0DF66FE1C9BC5E36 /* Localizations.swift */,
			);
			path = Generated;
			sourceTree = "<group>";
		};
		40F94089743BAD4E110E8C4F /* History */ = {
			isa = PBXGroup;
			children = (
				436983964D501536A5378C4E /* HistoryViewModelTests.swift */,
			);
			path = History;
			sourceTree = "<group>";
		};
		4A70C612ACEA94B0BF93DA9A /* History */ = {
			isa = PBXGroup;
			children = (
				310AAA72173205B2E505EFF2 /* HistoryRepository.swift */,
				1970128613F5407FB6FB0C61 /* HistoryStore.swift */,
				01E11D8D58A9AE4EC63E88A6 /* InMemoryHistoryRepository.swift */,
				487BAF337C7F0888759373E1 /* SwiftDataHistoryRepository.swift */,
				01161CDBB2F0DC47E229C77C /* UnavailableHistoryRepository.swift */,
			);
			path = History;
			sourceTree = "<group>";
		};
		4ADEAB7911DBF1DAC6EA6B85 /* History */ = {
			isa = PBXGroup;
			children = (
				A271A6DFE64A8A9663D0BD40 /* Models */,
				7ACB7C207EE975BB6F7D3FE1 /* Views */,
				20406413FAEFF8055FC4BEF9 /* HistoryView.swift */,
				78175A6BFA257AE3A64BE3AF /* HistoryViewModel.swift */,
			);
			path = History;
			sourceTree = "<group>";
		};
		64570C8FC1F870B156B70987 /* Products */ = {
			isa = PBXGroup;
			children = (
				ED67AFD2F3849EB9B42FAC31 /* CompoundInterest.app */,
				AA3BCBAC321074FC0238FC5F /* UnitTests.xctest */,
			);
			name = Products;
			sourceTree = "<group>";
		};
		65C8FF8906A15057159652BF /* Model */ = {
			isa = PBXGroup;
			children = (
				DFFC8AE84EFA19A47C32F37F /* Database */,
				6E26CCD26161BA3C9F376524 /* Domain */,
			);
			path = Model;
			sourceTree = "<group>";
		};
		675E33EE117ACC8C6CE8E622 /* Main */ = {
			isa = PBXGroup;
			children = (
				CB2B7BFD828B86E9CC7D4FBF /* Models */,
				33F162881A0DB8957F090A1A /* Views */,
				1865DF4CD5647D3E9D1778E5 /* MainView.swift */,
				04922522CBE53776088DDAAA /* MainViewModel.swift */,
			);
			path = Main;
			sourceTree = "<group>";
		};
		6917C13C9D901291FABB3626 /* App */ = {
			isa = PBXGroup;
			children = (
				33114843835EE439423DBEA7 /* MainApp.swift */,
			);
			path = App;
			sourceTree = "<group>";
		};
		6D6ED197A7C8BC0E40F366D0 /* Localization */ = {
			isa = PBXGroup;
			children = (
				487657362B63BDD8AC6AA5EA /* Localizable.strings */,
			);
			path = Localization;
			sourceTree = "<group>";
		};
		6E26CCD26161BA3C9F376524 /* Domain */ = {
			isa = PBXGroup;
			children = (
				78EEE570362ED658C2C63E18 /* CalculationInput.swift */,
				596A127C8CC1653360AAEB2F /* ContributionFrequency.swift */,
				7EF3175386403EE81D7D088C /* HistoryDay.swift */,
				9966AA11349CD4DBD5F2DBCA /* HistoryEntry.swift */,
				9598F272EECEE6BAE3380BB9 /* InvestmentDurationUnit.swift */,
				4399A957DE7C618759116C4A /* KeyIndicatorResult.swift */,
			);
			path = Domain;
			sourceTree = "<group>";
		};
		7ACB7C207EE975BB6F7D3FE1 /* Views */ = {
			isa = PBXGroup;
			children = (
				672C58D079BC6FE966588893 /* HistoryRowView.swift */,
				F40CEB331625C352F2F12D44 /* HistoryValueRowView.swift */,
			);
			path = Views;
			sourceTree = "<group>";
		};
		8A4D9CB3960C38756DDF8D0B /* Flows */ = {
			isa = PBXGroup;
			children = (
				CA8CE82CADA8AC4913DC83B7 /* App */,
				ABAC06F9B7F5F3E4DC043A84 /* Chart */,
				4ADEAB7911DBF1DAC6EA6B85 /* History */,
				675E33EE117ACC8C6CE8E622 /* Main */,
			);
			path = Flows;
			sourceTree = "<group>";
		};
		A271A6DFE64A8A9663D0BD40 /* Models */ = {
			isa = PBXGroup;
			children = (
				D204ED217106326FC4D3A927 /* HistoryRowViewData.swift */,
			);
			path = Models;
			sourceTree = "<group>";
		};
		ABAC06F9B7F5F3E4DC043A84 /* Chart */ = {
			isa = PBXGroup;
			children = (
				EFF365D1792E52CC3D6A8F99 /* ChartView.swift */,
				9D11FF40492A43F9A2A82D14 /* MonthlyCapitalChartTooltipView.swift */,
				35E54EF1B4D727C41F64F6C6 /* MonthlyCapitalChartView.swift */,
			);
			path = Chart;
			sourceTree = "<group>";
		};
		B7CFCBA89E6A6E0EF1EE91E4 /* Extensions */ = {
			isa = PBXGroup;
			children = (
				618423955671F1A9681FEF9A /* Calendar.swift */,
				59FB24BEEE798D69E42B5576 /* Decimal.swift */,
				E0A360026366A347A321F2BF /* NumberFormatter.swift */,
				CCE083F905AF1AF16FDC019A /* String.swift */,
			);
			path = Extensions;
			sourceTree = "<group>";
		};
		B946BB106B6004DF24B279DE /* View */ = {
			isa = PBXGroup;
			children = (
				EEFB2813A33E6BD0C73902B3 /* GradientButton.swift */,
				BE9D2C8D8DD169804918A4F9 /* HintView.swift */,
			);
			path = View;
			sourceTree = "<group>";
		};
		C12B6E3B32B133A7B6F5B295 /* Main */ = {
			isa = PBXGroup;
			children = (
				BFABD479B85056AA6CBF97AE /* MainViewModelHistoryTests.swift */,
			);
			path = Main;
			sourceTree = "<group>";
		};
		C822FEC29ABD9600E4F3F69F /* Common */ = {
			isa = PBXGroup;
			children = (
				B7CFCBA89E6A6E0EF1EE91E4 /* Extensions */,
				E3A24DE859E441C6CC5669F3 /* Helpers */,
				B946BB106B6004DF24B279DE /* View */,
			);
			path = Common;
			sourceTree = "<group>";
		};
		CA8CE82CADA8AC4913DC83B7 /* App */ = {
			isa = PBXGroup;
			children = (
				F8C2232E15EF45E7D534E522 /* RootView.swift */,
			);
			path = App;
			sourceTree = "<group>";
		};
		CB2B7BFD828B86E9CC7D4FBF /* Models */ = {
			isa = PBXGroup;
			children = (
				CF831837A5470DE6B58DE5F1 /* KeyIndicator.swift */,
				20F13D3E784FB9BBE8D27494 /* MainParameter.swift */,
				E0F1BDB66E57EB3090B5A8C9 /* MonthlyCapitalPDFDocument.swift */,
			);
			path = Models;
			sourceTree = "<group>";
		};
		DC129F2959A4AEAD47B93748 /* Assets */ = {
			isa = PBXGroup;
			children = (
				B9A195CABE14B381B328F268 /* Colors.xcassets */,
				D86B273B06D2F790B8828310 /* Images.xcassets */,
				CF086DBAF4E729180A8D5996 /* Preview Assets.xcassets */,
			);
			path = Assets;
			sourceTree = "<group>";
		};
		DD9648E9612AF990EEBF4122 /* Resources */ = {
			isa = PBXGroup;
			children = (
				DC129F2959A4AEAD47B93748 /* Assets */,
				35622F84FFB042A7D022A2B4 /* Generated */,
				6D6ED197A7C8BC0E40F366D0 /* Localization */,
			);
			path = Resources;
			sourceTree = "<group>";
		};
		DF18773E1B1DC530B8927ED7 /* UnitTests */ = {
			isa = PBXGroup;
			children = (
				EE99775FDA71B932ED8228D9 /* Flows */,
				E55F5E8C61293F85CDC85827 /* Infrastructure */,
			);
			path = UnitTests;
			sourceTree = "<group>";
		};
		DFFC8AE84EFA19A47C32F37F /* Database */ = {
			isa = PBXGroup;
			children = (
				D3D05C4724DDDB7F3DCC215C /* HistoryMigrationPlan.swift */,
				28B29FAAB2C6C2D09BF83341 /* HistoryModel.swift */,
				7656C29F78E68841DE251C96 /* HistorySchemaV1.swift */,
			);
			path = Database;
			sourceTree = "<group>";
		};
		E1921ED7E340B890B6F903D6 = {
			isa = PBXGroup;
			children = (
				12D4AA3E6FD0B7DCF6047C83 /* Compound Interest */,
				DF18773E1B1DC530B8927ED7 /* UnitTests */,
				64570C8FC1F870B156B70987 /* Products */,
			);
			sourceTree = "<group>";
		};
		E3A24DE859E441C6CC5669F3 /* Helpers */ = {
			isa = PBXGroup;
			children = (
				513D6A0F10185300F02031B3 /* AppFont.swift */,
				3F158856B9DE7B9C1E097BBA /* DecimalTextFormatter.swift */,
				FDB54146483781F33C049B53 /* Margin.swift */,
				3B3EDEE838DDBA7E38D4843A /* SFSymbols.swift */,
			);
			path = Helpers;
			sourceTree = "<group>";
		};
		E55F5E8C61293F85CDC85827 /* Infrastructure */ = {
			isa = PBXGroup;
			children = (
				BE215E918F0C063E4A8F1BE4 /* HistoryRepositoryTests.swift */,
				9CD9BD0E8A5CD7FA0EB4DC08 /* HistoryStoreTests.swift */,
			);
			path = Infrastructure;
			sourceTree = "<group>";
		};
		EE99775FDA71B932ED8228D9 /* Flows */ = {
			isa = PBXGroup;
			children = (
				40F94089743BAD4E110E8C4F /* History */,
				C12B6E3B32B133A7B6F5B295 /* Main */,
			);
			path = Flows;
			sourceTree = "<group>";
		};
		F790B654FF59ECB9119AEFE2 /* Infrastructure */ = {
			isa = PBXGroup;
			children = (
				4A70C612ACEA94B0BF93DA9A /* History */,
			);
			path = Infrastructure;
			sourceTree = "<group>";
		};
		FD5EF4644331ED021CDCF813 /* Core */ = {
			isa = PBXGroup;
			children = (
				F15C5BFA2DD97F3588733085 /* ApplicationSupportDirectory.swift */,
				59D83EE5DD2ACD2598881D65 /* SwiftDataStore.swift */,
			);
			path = Core;
			sourceTree = "<group>";
		};
/* End PBXGroup section */

/* Begin PBXNativeTarget section */
		5535E494F50E7406A13E20F2 /* UnitTests */ = {
			isa = PBXNativeTarget;
			buildConfigurationList = 93D4DB61C3554E6B7B26EF58 /* Build configuration list for PBXNativeTarget "UnitTests" */;
			buildPhases = (
				378CD35D3E521EBC21BFC647 /* Sources */,
			);
			buildRules = (
			);
			dependencies = (
				32A38AEF513D03FCEDF332AB /* PBXTargetDependency */,
			);
			name = UnitTests;
			packageProductDependencies = (
			);
			productName = UnitTests;
			productReference = AA3BCBAC321074FC0238FC5F /* UnitTests.xctest */;
			productType = "com.apple.product-type.bundle.unit-test";
		};
		B9EED7BDFB1C2CDCC9CB5E55 /* CompoundInterest */ = {
			isa = PBXNativeTarget;
			buildConfigurationList = E3EA549CCC9814B23C37D098 /* Build configuration list for PBXNativeTarget "CompoundInterest" */;
			buildPhases = (
				255090209F545DEF5F0027A9 /* Run SwiftGen */,
				31CDB3772B325B10A45697DE /* Sources */,
				E3A9CAC971AD9E9360B2DEB7 /* Run Swiftlint */,
				39A7FAF1B8B93A9E66AB92BD /* Resources */,
			);
			buildRules = (
			);
			dependencies = (
			);
			name = CompoundInterest;
			packageProductDependencies = (
			);
			productName = CompoundInterest;
			productReference = ED67AFD2F3849EB9B42FAC31 /* CompoundInterest.app */;
			productType = "com.apple.product-type.application";
		};
/* End PBXNativeTarget section */

/* Begin PBXProject section */
		D534FED98A86DCFF5B50BF1D /* Project object */ = {
			isa = PBXProject;
			attributes = {
				BuildIndependentTargetsInParallel = YES;
				LastUpgradeCheck = 2620;
				TargetAttributes = {
					B9EED7BDFB1C2CDCC9CB5E55 = {
						DevelopmentTeam = Q9WXSNT6UT;
						ProvisioningStyle = Manual;
					};
				};
			};
			buildConfigurationList = DD3BBDC9B62212FB96E5E2F5 /* Build configuration list for PBXProject "Compound Interest" */;
			developmentRegion = ru;
			hasScannedForEncodings = 0;
			knownRegions = (
				Base,
				en,
				ru,
			);
			mainGroup = E1921ED7E340B890B6F903D6;
			minimizedProjectReferenceProxies = 1;
			preferredProjectObjectVersion = 77;
			productRefGroup = 64570C8FC1F870B156B70987 /* Products */;
			projectDirPath = "";
			projectRoot = "";
			targets = (
				B9EED7BDFB1C2CDCC9CB5E55 /* CompoundInterest */,
				5535E494F50E7406A13E20F2 /* UnitTests */,
			);
		};
/* End PBXProject section */

/* Begin PBXResourcesBuildPhase section */
		39A7FAF1B8B93A9E66AB92BD /* Resources */ = {
			isa = PBXResourcesBuildPhase;
			buildActionMask = 2147483647;
			files = (
				EF98ECCA04F30F8656E9C085 /* Colors.xcassets in Resources */,
				79FF82668D17B5D3933B8941 /* Images.xcassets in Resources */,
				D61F7012B494BA6D61A374FE /* Localizable.strings in Resources */,
				3220E65D8B3F90F9AB71E7B9 /* Preview Assets.xcassets in Resources */,
			);
			runOnlyForDeploymentPostprocessing = 0;
		};
/* End PBXResourcesBuildPhase section */

/* Begin PBXShellScriptBuildPhase section */
		255090209F545DEF5F0027A9 /* Run SwiftGen */ = {
			isa = PBXShellScriptBuildPhase;
			buildActionMask = 2147483647;
			files = (
			);
			inputFileListPaths = (
			);
			inputPaths = (
			);
			name = "Run SwiftGen";
			outputFileListPaths = (
			);
			outputPaths = (
				"$(SRCROOT)/Compound Interest/Resources/Generated/Localizations.swift",
			);
			runOnlyForDeploymentPostprocessing = 0;
			shellPath = /bin/sh;
			shellScript = ./Scripts/swiftgen/swiftgen.sh;
		};
		E3A9CAC971AD9E9360B2DEB7 /* Run Swiftlint */ = {
			isa = PBXShellScriptBuildPhase;
			alwaysOutOfDate = 1;
			buildActionMask = 2147483647;
			files = (
			);
			inputFileListPaths = (
			);
			inputPaths = (
			);
			name = "Run Swiftlint";
			outputFileListPaths = (
			);
			outputPaths = (
			);
			runOnlyForDeploymentPostprocessing = 0;
			shellPath = /bin/sh;
			shellScript = ./Scripts/swiftlint/swiftlint.sh;
		};
/* End PBXShellScriptBuildPhase section */

/* Begin PBXSourcesBuildPhase section */
		31CDB3772B325B10A45697DE /* Sources */ = {
			isa = PBXSourcesBuildPhase;
			buildActionMask = 2147483647;
			files = (
				DEB32F0379C5EEF1BC03EB86 /* AppFont.swift in Sources */,
				8F740EED113D852A23726179 /* ApplicationSupportDirectory.swift in Sources */,
				492CFBECFD7E53E118A97E74 /* CalculationInput.swift in Sources */,
				CBB02AD6C179335DBA8CC33E /* Calendar.swift in Sources */,
				C09D87E14E138266BF3D4D7E /* ChartView.swift in Sources */,
				F0FD25065B47C5A3D1929886 /* ContributionFrequency.swift in Sources */,
				BAF7B755DDE19A58C7CF8615 /* ContributionFrequencyView.swift in Sources */,
				8E6981FEE4F72209123BDA07 /* Decimal.swift in Sources */,
				A9DD5901B82DE085EDC1476A /* DecimalInputView.swift in Sources */,
				9C13422F33F02418C9C508AD /* DecimalTextFormatter.swift in Sources */,
				27E208DA60E9DA9E9FF3F54F /* GradientButton.swift in Sources */,
				BB3B890EA8CE152193177144 /* HintView.swift in Sources */,
				3D381044375735259ECEC29F /* HistoryDay.swift in Sources */,
				CD3F817D7F33A8C7E51ACF72 /* HistoryEntry.swift in Sources */,
				EE2B8F2EA37A0F764D327939 /* HistoryMigrationPlan.swift in Sources */,
				EE15D38422A03D2B250138E0 /* HistoryModel.swift in Sources */,
				FF71BA5C4FF80FB32B7EC0DF /* HistoryRepository.swift in Sources */,
				594BEDA951AA0C2237190D84 /* HistoryRowView.swift in Sources */,
				4CA4BC8A49518D2F9AC3FC49 /* HistoryRowViewData.swift in Sources */,
				FB52F5817D1C792E87147310 /* HistorySchemaV1.swift in Sources */,
				65DA63724EEFBE2641C2B417 /* HistoryStore.swift in Sources */,
				44F511D896074D51F334E6F4 /* HistoryValueRowView.swift in Sources */,
				A384F1CD0BB97218ED7567F0 /* HistoryView.swift in Sources */,
				9163F43BF5A5EB7385131D31 /* HistoryViewModel.swift in Sources */,
				D5A7746D701DFF88C557F2C2 /* InMemoryHistoryRepository.swift in Sources */,
				AD515E0DF3607AF2C482E0D4 /* InvestmentDurationUnit.swift in Sources */,
				DA37F6F6B79C39E9CF6E2A9D /* InvestmentDurationUnitView.swift in Sources */,
				3450079D926B96B84F0254FD /* KeyIndicator.swift in Sources */,
				AC786DA6585357E056DA0354 /* KeyIndicatorResult.swift in Sources */,
				565B1369328CAA5FD2A9C750 /* KeyMetricRowView.swift in Sources */,
				A043F8035D7202960CEB4288 /* KeyMetricsView.swift in Sources */,
				73DF3ECC747967BC32AC7F38 /* Localizations.swift in Sources */,
				E580B8566800A98D44CA7567 /* MainApp.swift in Sources */,
				AB7E0B006D4C697D642CFD46 /* MainParameter.swift in Sources */,
				6B0460E4C499745222D75030 /* MainParameterInputView.swift in Sources */,
				443430662322B84E97E0CE0A /* MainParametersView.swift in Sources */,
				458CA66BF9A6798F746A9EB2 /* MainResultView.swift in Sources */,
				8F282C8BFCF29F14E9A7BBD8 /* MainView.swift in Sources */,
				82622A7456C823F401B1ADF5 /* MainViewModel.swift in Sources */,
				13E71104758BFF589C56AAA6 /* Margin.swift in Sources */,
				7ECE7D046CF9FB63B00BDED5 /* MonthlyCapitalChartTooltipView.swift in Sources */,
				828C787997F32A0C3E321D95 /* MonthlyCapitalChartView.swift in Sources */,
				5919CBBB7E59C29570FAD371 /* MonthlyCapitalListView.swift in Sources */,
				21283507C0781EADFC97652E /* MonthlyCapitalPDFDocument.swift in Sources */,
				DFB098ABE5035D32442C2C54 /* NumberFormatter.swift in Sources */,
				6B6C212065E0FE99B7E6A62F /* PeriodView.swift in Sources */,
				EF38ADA51DF19E2BAFDF3CC8 /* RootView.swift in Sources */,
				5A913ADE9B9BD0650A83698A /* SFSymbols.swift in Sources */,
				11B06C5B46EB33B710251AE0 /* String.swift in Sources */,
				D86DCB59DEE4B3E5CB4A7770 /* SwiftDataHistoryRepository.swift in Sources */,
				71DCC8B3363CEAF938A042E4 /* SwiftDataStore.swift in Sources */,
				A8410EA9010C77368680774B /* UnavailableHistoryRepository.swift in Sources */,
				33CB65A4AA258439D25728BF /* YieldChartSectionView.swift in Sources */,
			);
			runOnlyForDeploymentPostprocessing = 0;
		};
		378CD35D3E521EBC21BFC647 /* Sources */ = {
			isa = PBXSourcesBuildPhase;
			buildActionMask = 2147483647;
			files = (
				14F731D08E4A3AEC0D23F6DB /* HistoryRepositoryTests.swift in Sources */,
				2F920FF8A233929D7F01CD30 /* HistoryStoreTests.swift in Sources */,
				D34503D9264B96C34BD00397 /* HistoryViewModelTests.swift in Sources */,
				07B23DCC731385F17FCFF2D0 /* MainViewModelHistoryTests.swift in Sources */,
			);
			runOnlyForDeploymentPostprocessing = 0;
		};
/* End PBXSourcesBuildPhase section */

/* Begin PBXTargetDependency section */
		32A38AEF513D03FCEDF332AB /* PBXTargetDependency */ = {
			isa = PBXTargetDependency;
			target = B9EED7BDFB1C2CDCC9CB5E55 /* CompoundInterest */;
			targetProxy = D412FA294869A76284CD811B /* PBXContainerItemProxy */;
		};
/* End PBXTargetDependency section */

/* Begin PBXVariantGroup section */
		487657362B63BDD8AC6AA5EA /* Localizable.strings */ = {
			isa = PBXVariantGroup;
			children = (
				697A2BE254481AA7FD379275 /* en */,
				0A5A92225E3313B679B54C1E /* ru */,
			);
			name = Localizable.strings;
			sourceTree = "<group>";
		};
/* End PBXVariantGroup section */

/* Begin XCBuildConfiguration section */
		333F663371464591AC237431 /* Debug */ = {
			isa = XCBuildConfiguration;
			buildSettings = {
				BUNDLE_LOADER = "$(TEST_HOST)";
				GENERATE_INFOPLIST_FILE = YES;
				LD_RUNPATH_SEARCH_PATHS = (
					"$(inherited)",
					"@executable_path/Frameworks",
					"@loader_path/Frameworks",
				);
				PRODUCT_BUNDLE_IDENTIFIER = ru.kostyuchenko.compoundInterest.tests;
				SDKROOT = iphoneos;
				SWIFT_VERSION = 5.0;
				TARGETED_DEVICE_FAMILY = "1,2";
				TEST_HOST = "$(BUILT_PRODUCTS_DIR)/CompoundInterest.app/CompoundInterest";
			};
			name = Debug;
		};
		7F37E786F8947EEA04D74B9D /* Release */ = {
			isa = XCBuildConfiguration;
			buildSettings = {
				ALWAYS_SEARCH_USER_PATHS = NO;
				CLANG_ANALYZER_NONNULL = YES;
				CLANG_ANALYZER_NUMBER_OBJECT_CONVERSION = YES_AGGRESSIVE;
				CLANG_CXX_LANGUAGE_STANDARD = "gnu++20";
				CLANG_CXX_LIBRARY = "libc++";
				CLANG_ENABLE_MODULES = YES;
				CLANG_ENABLE_OBJC_ARC = YES;
				CLANG_ENABLE_OBJC_WEAK = YES;
				CLANG_WARN_BLOCK_CAPTURE_AUTORELEASING = YES;
				CLANG_WARN_BOOL_CONVERSION = YES;
				CLANG_WARN_COMMA = YES;
				CLANG_WARN_CONSTANT_CONVERSION = YES;
				CLANG_WARN_DEPRECATED_OBJC_IMPLEMENTATIONS = YES;
				CLANG_WARN_DIRECT_OBJC_ISA_USAGE = YES_ERROR;
				CLANG_WARN_DOCUMENTATION_COMMENTS = YES;
				CLANG_WARN_EMPTY_BODY = YES;
				CLANG_WARN_ENUM_CONVERSION = YES;
				CLANG_WARN_INFINITE_RECURSION = YES;
				CLANG_WARN_INT_CONVERSION = YES;
				CLANG_WARN_NON_LITERAL_NULL_CONVERSION = YES;
				CLANG_WARN_OBJC_IMPLICIT_RETAIN_SELF = YES;
				CLANG_WARN_OBJC_LITERAL_CONVERSION = YES;
				CLANG_WARN_OBJC_ROOT_CLASS = YES_ERROR;
				CLANG_WARN_QUOTED_INCLUDE_IN_FRAMEWORK_HEADER = YES;
				CLANG_WARN_RANGE_LOOP_ANALYSIS = YES;
				CLANG_WARN_STRICT_PROTOTYPES = YES;
				CLANG_WARN_SUSPICIOUS_MOVE = YES;
				CLANG_WARN_UNGUARDED_AVAILABILITY = YES_AGGRESSIVE;
				CLANG_WARN_UNREACHABLE_CODE = YES;
				CLANG_WARN__DUPLICATE_METHOD_MATCH = YES;
				COPY_PHASE_STRIP = NO;
				DEBUG_INFORMATION_FORMAT = "dwarf-with-dsym";
				ENABLE_NS_ASSERTIONS = NO;
				ENABLE_STRICT_OBJC_MSGSEND = YES;
				GCC_C_LANGUAGE_STANDARD = gnu11;
				GCC_NO_COMMON_BLOCKS = YES;
				GCC_WARN_64_TO_32_BIT_CONVERSION = YES;
				GCC_WARN_ABOUT_RETURN_TYPE = YES_ERROR;
				GCC_WARN_UNDECLARED_SELECTOR = YES;
				GCC_WARN_UNINITIALIZED_AUTOS = YES_AGGRESSIVE;
				GCC_WARN_UNUSED_FUNCTION = YES;
				GCC_WARN_UNUSED_VARIABLE = YES;
				IPHONEOS_DEPLOYMENT_TARGET = 26.0;
				MTL_ENABLE_DEBUG_INFO = NO;
				MTL_FAST_MATH = YES;
				PRODUCT_NAME = "$(TARGET_NAME)";
				SDKROOT = iphoneos;
				SWIFT_COMPILATION_MODE = wholemodule;
				SWIFT_OPTIMIZATION_LEVEL = "-O";
				SWIFT_VERSION = 5.0;
			};
			name = Release;
		};
		8149B0EB1F988B5D1B37E557 /* Debug */ = {
			isa = XCBuildConfiguration;
			buildSettings = {
				ALWAYS_SEARCH_USER_PATHS = NO;
				CLANG_ANALYZER_NONNULL = YES;
				CLANG_ANALYZER_NUMBER_OBJECT_CONVERSION = YES_AGGRESSIVE;
				CLANG_CXX_LANGUAGE_STANDARD = "gnu++20";
				CLANG_CXX_LIBRARY = "libc++";
				CLANG_ENABLE_MODULES = YES;
				CLANG_ENABLE_OBJC_ARC = YES;
				CLANG_ENABLE_OBJC_WEAK = YES;
				CLANG_WARN_BLOCK_CAPTURE_AUTORELEASING = YES;
				CLANG_WARN_BOOL_CONVERSION = YES;
				CLANG_WARN_COMMA = YES;
				CLANG_WARN_CONSTANT_CONVERSION = YES;
				CLANG_WARN_DEPRECATED_OBJC_IMPLEMENTATIONS = YES;
				CLANG_WARN_DIRECT_OBJC_ISA_USAGE = YES_ERROR;
				CLANG_WARN_DOCUMENTATION_COMMENTS = YES;
				CLANG_WARN_EMPTY_BODY = YES;
				CLANG_WARN_ENUM_CONVERSION = YES;
				CLANG_WARN_INFINITE_RECURSION = YES;
				CLANG_WARN_INT_CONVERSION = YES;
				CLANG_WARN_NON_LITERAL_NULL_CONVERSION = YES;
				CLANG_WARN_OBJC_IMPLICIT_RETAIN_SELF = YES;
				CLANG_WARN_OBJC_LITERAL_CONVERSION = YES;
				CLANG_WARN_OBJC_ROOT_CLASS = YES_ERROR;
				CLANG_WARN_QUOTED_INCLUDE_IN_FRAMEWORK_HEADER = YES;
				CLANG_WARN_RANGE_LOOP_ANALYSIS = YES;
				CLANG_WARN_STRICT_PROTOTYPES = YES;
				CLANG_WARN_SUSPICIOUS_MOVE = YES;
				CLANG_WARN_UNGUARDED_AVAILABILITY = YES_AGGRESSIVE;
				CLANG_WARN_UNREACHABLE_CODE = YES;
				CLANG_WARN__DUPLICATE_METHOD_MATCH = YES;
				COPY_PHASE_STRIP = NO;
				DEBUG_INFORMATION_FORMAT = dwarf;
				ENABLE_STRICT_OBJC_MSGSEND = YES;
				ENABLE_TESTABILITY = YES;
				GCC_C_LANGUAGE_STANDARD = gnu11;
				GCC_DYNAMIC_NO_PIC = NO;
				GCC_NO_COMMON_BLOCKS = YES;
				GCC_OPTIMIZATION_LEVEL = 0;
				GCC_PREPROCESSOR_DEFINITIONS = "DEBUG=1 $(inherited)";
				GCC_WARN_64_TO_32_BIT_CONVERSION = YES;
				GCC_WARN_ABOUT_RETURN_TYPE = YES_ERROR;
				GCC_WARN_UNDECLARED_SELECTOR = YES;
				GCC_WARN_UNINITIALIZED_AUTOS = YES_AGGRESSIVE;
				GCC_WARN_UNUSED_FUNCTION = YES;
				GCC_WARN_UNUSED_VARIABLE = YES;
				IPHONEOS_DEPLOYMENT_TARGET = 26.0;
				MTL_ENABLE_DEBUG_INFO = INCLUDE_SOURCE;
				MTL_FAST_MATH = YES;
				ONLY_ACTIVE_ARCH = YES;
				PRODUCT_NAME = "$(TARGET_NAME)";
				SDKROOT = iphoneos;
				SWIFT_ACTIVE_COMPILATION_CONDITIONS = DEBUG;
				SWIFT_OPTIMIZATION_LEVEL = "-Onone";
				SWIFT_VERSION = 5.0;
			};
			name = Debug;
		};
		821C0CC18AD746ED75BC87D0 /* Debug */ = {
			isa = XCBuildConfiguration;
			buildSettings = {
				ASSETCATALOG_COMPILER_APPICON_NAME = AppIcon;
				ASSETCATALOG_COMPILER_GENERATE_ASSET_SYMBOLS = YES;
				ASSETCATALOG_COMPILER_GLOBAL_ACCENT_COLOR_NAME = AccentColor;
				ASSETCATALOG_COMPILER_INCLUDE_ALL_APPICON_ASSETS = YES;
				CODE_SIGN_IDENTITY = "Apple Development";
				CODE_SIGN_STYLE = Manual;
				CURRENT_PROJECT_VERSION = 1;
				DEBUG_INFORMATION_FORMAT = "dwarf-with-dsym";
				DEVELOPMENT_ASSET_PATHS = "\"Compound Interest/Resources/Assets/Preview Assets.xcassets\"";
				DEVELOPMENT_TEAM = Q9WXSNT6UT;
				ENABLE_HARDENED_RUNTIME = YES;
				ENABLE_PREVIEWS = YES;
				ENABLE_USER_SCRIPT_SANDBOXING = NO;
				"EXCLUDED_ARCHS[sdk=iphonesimulator*]" = "$(inherited)";
				EXCLUDED_SOURCE_FILE_NAMES = "$(inherited) Resources/Plist/Info.plist";
				GENERATE_INFOPLIST_FILE = NO;
				INFOPLIST_FILE = "Compound Interest/Resources/Plist/Info.plist";
				INFOPLIST_KEY_CFBundleDisplayName = "Сложный процент";
				INFOPLIST_KEY_CFBundleVersion = 1;
				"INFOPLIST_KEY_UIApplicationSceneManifest_Generation[sdk=iphoneos*]" = YES;
				"INFOPLIST_KEY_UIApplicationSceneManifest_Generation[sdk=iphonesimulator*]" = YES;
				"INFOPLIST_KEY_UIApplicationSupportsIndirectInputEvents[sdk=iphoneos*]" = YES;
				"INFOPLIST_KEY_UIApplicationSupportsIndirectInputEvents[sdk=iphonesimulator*]" = YES;
				"INFOPLIST_KEY_UILaunchScreen_Generation[sdk=iphoneos*]" = YES;
				"INFOPLIST_KEY_UILaunchScreen_Generation[sdk=iphonesimulator*]" = YES;
				INFOPLIST_KEY_UILaunchStoryboardName = LaunchScreen.storyboard;
				"INFOPLIST_KEY_UIStatusBarStyle[sdk=iphoneos*]" = UIStatusBarStyleDefault;
				"INFOPLIST_KEY_UIStatusBarStyle[sdk=iphonesimulator*]" = UIStatusBarStyleDefault;
				INFOPLIST_KEY_UISupportedInterfaceOrientations = UIInterfaceOrientationPortrait;
				INFOPLIST_OUTPUT_FORMAT = "same-as-input";
				IPHONEOS_DEPLOYMENT_TARGET = 26.0;
				LD_RUNPATH_SEARCH_PATHS = "$(inherited) '@executable_path/Frameworks'";
				MARKETING_VERSION = 3.0.0;
				PRODUCT_BUNDLE_IDENTIFIER = ru.kostyuchenko.compoundInterest;
				PRODUCT_NAME = "$(TARGET_NAME)";
				PROVISIONING_PROFILE_SPECIFIER = "match Development ru.kostyuchenko.compoundInterest";
				SDKROOT = auto;
				SUPPORTED_PLATFORMS = "iphoneos iphonesimulator";
				SUPPORTS_MACCATALYST = NO;
				SUPPORTS_MAC_DESIGNED_FOR_IPHONE_IPAD = NO;
				SWIFT_EMIT_LOC_STRINGS = YES;
				SWIFT_VERSION = 5.0;
				TARGETED_DEVICE_FAMILY = 1;
			};
			name = Debug;
		};
		DAE7B47738AB98D057A27444 /* Release */ = {
			isa = XCBuildConfiguration;
			buildSettings = {
				ASSETCATALOG_COMPILER_APPICON_NAME = AppIcon;
				ASSETCATALOG_COMPILER_GENERATE_ASSET_SYMBOLS = YES;
				ASSETCATALOG_COMPILER_GLOBAL_ACCENT_COLOR_NAME = AccentColor;
				ASSETCATALOG_COMPILER_INCLUDE_ALL_APPICON_ASSETS = YES;
				CODE_SIGN_IDENTITY = "Apple Distribution";
				CODE_SIGN_STYLE = Manual;
				CURRENT_PROJECT_VERSION = 1;
				DEBUG_INFORMATION_FORMAT = "dwarf-with-dsym";
				DEVELOPMENT_ASSET_PATHS = "\"Compound Interest/Resources/Assets/Preview Assets.xcassets\"";
				DEVELOPMENT_TEAM = Q9WXSNT6UT;
				ENABLE_HARDENED_RUNTIME = YES;
				ENABLE_PREVIEWS = YES;
				ENABLE_USER_SCRIPT_SANDBOXING = NO;
				"EXCLUDED_ARCHS[sdk=iphonesimulator*]" = "$(inherited)";
				EXCLUDED_SOURCE_FILE_NAMES = "$(inherited) Resources/Plist/Info.plist";
				GENERATE_INFOPLIST_FILE = NO;
				INFOPLIST_FILE = "Compound Interest/Resources/Plist/Info.plist";
				INFOPLIST_KEY_CFBundleDisplayName = "Сложный процент";
				INFOPLIST_KEY_CFBundleVersion = 1;
				"INFOPLIST_KEY_UIApplicationSceneManifest_Generation[sdk=iphoneos*]" = YES;
				"INFOPLIST_KEY_UIApplicationSceneManifest_Generation[sdk=iphonesimulator*]" = YES;
				"INFOPLIST_KEY_UIApplicationSupportsIndirectInputEvents[sdk=iphoneos*]" = YES;
				"INFOPLIST_KEY_UIApplicationSupportsIndirectInputEvents[sdk=iphonesimulator*]" = YES;
				"INFOPLIST_KEY_UILaunchScreen_Generation[sdk=iphoneos*]" = YES;
				"INFOPLIST_KEY_UILaunchScreen_Generation[sdk=iphonesimulator*]" = YES;
				INFOPLIST_KEY_UILaunchStoryboardName = LaunchScreen.storyboard;
				"INFOPLIST_KEY_UIStatusBarStyle[sdk=iphoneos*]" = UIStatusBarStyleDefault;
				"INFOPLIST_KEY_UIStatusBarStyle[sdk=iphonesimulator*]" = UIStatusBarStyleDefault;
				INFOPLIST_KEY_UISupportedInterfaceOrientations = UIInterfaceOrientationPortrait;
				INFOPLIST_OUTPUT_FORMAT = "same-as-input";
				IPHONEOS_DEPLOYMENT_TARGET = 26.0;
				LD_RUNPATH_SEARCH_PATHS = "$(inherited) '@executable_path/Frameworks'";
				MARKETING_VERSION = 3.0.0;
				PRODUCT_BUNDLE_IDENTIFIER = ru.kostyuchenko.compoundInterest;
				PRODUCT_NAME = "$(TARGET_NAME)";
				PROVISIONING_PROFILE_SPECIFIER = "match AppStore ru.kostyuchenko.compoundInterest";
				SDKROOT = auto;
				SUPPORTED_PLATFORMS = "iphoneos iphonesimulator";
				SUPPORTS_MACCATALYST = NO;
				SUPPORTS_MAC_DESIGNED_FOR_IPHONE_IPAD = NO;
				SWIFT_EMIT_LOC_STRINGS = YES;
				SWIFT_VERSION = 5.0;
				TARGETED_DEVICE_FAMILY = 1;
			};
			name = Release;
		};
		DDE3DD27785C9492C89C1435 /* Release */ = {
			isa = XCBuildConfiguration;
			buildSettings = {
				BUNDLE_LOADER = "$(TEST_HOST)";
				GENERATE_INFOPLIST_FILE = YES;
				LD_RUNPATH_SEARCH_PATHS = (
					"$(inherited)",
					"@executable_path/Frameworks",
					"@loader_path/Frameworks",
				);
				PRODUCT_BUNDLE_IDENTIFIER = ru.kostyuchenko.compoundInterest.tests;
				SDKROOT = iphoneos;
				SWIFT_VERSION = 5.0;
				TARGETED_DEVICE_FAMILY = "1,2";
				TEST_HOST = "$(BUILT_PRODUCTS_DIR)/CompoundInterest.app/CompoundInterest";
			};
			name = Release;
		};
/* End XCBuildConfiguration section */

/* Begin XCConfigurationList section */
		93D4DB61C3554E6B7B26EF58 /* Build configuration list for PBXNativeTarget "UnitTests" */ = {
			isa = XCConfigurationList;
			buildConfigurations = (
				333F663371464591AC237431 /* Debug */,
				DDE3DD27785C9492C89C1435 /* Release */,
			);
			defaultConfigurationIsVisible = 0;
			defaultConfigurationName = Release;
		};
		DD3BBDC9B62212FB96E5E2F5 /* Build configuration list for PBXProject "Compound Interest" */ = {
			isa = XCConfigurationList;
			buildConfigurations = (
				8149B0EB1F988B5D1B37E557 /* Debug */,
				7F37E786F8947EEA04D74B9D /* Release */,
			);
			defaultConfigurationIsVisible = 0;
			defaultConfigurationName = Release;
		};
		E3EA549CCC9814B23C37D098 /* Build configuration list for PBXNativeTarget "CompoundInterest" */ = {
			isa = XCConfigurationList;
			buildConfigurations = (
				821C0CC18AD746ED75BC87D0 /* Debug */,
				DAE7B47738AB98D057A27444 /* Release */,
			);
			defaultConfigurationIsVisible = 0;
			defaultConfigurationName = Release;
		};
/* End XCConfigurationList section */
	};
	rootObject = D534FED98A86DCFF5B50BF1D /* Project object */;
}
