// !$*UTF8*$!
{
	archiveVersion = 1;
	classes = {
	};
	objectVersion = 50;
	objects = {

/* Begin PBXBuildFile section */
		2D5A309BAC5F8F60821793D1 /* Pods_CIC.framework in Frameworks */ = {isa = PBXBuildFile; fileRef = 7161B938BD11319EECD3422E /* Pods_CIC.framework */; };
		A46629EA23C87AE400C0A6FA /* AppDelegate.swift in Sources */ = {isa = PBXBuildFile; fileRef = A46629E923C87AE400C0A6FA /* AppDelegate.swift */; };
		A46629EE23C87AE400C0A6FA /* ViewController.swift in Sources */ = {isa = PBXBuildFile; fileRef = A46629ED23C87AE400C0A6FA /* ViewController.swift */; };
		A46629F323C87AE600C0A6FA /* Assets.xcassets in Resources */ = {isa = PBXBuildFile; fileRef = A46629F223C87AE600C0A6FA /* Assets.xcassets */; };
		A46629F623C87AE600C0A6FA /* LaunchScreen.storyboard in Resources */ = {isa = PBXBuildFile; fileRef = A46629F423C87AE600C0A6FA /* LaunchScreen.storyboard */; };
		A4662A0923C87B7A00C0A6FA /* Localizable.strings in Resources */ = {isa = PBXBuildFile; fileRef = A4662A0823C87B7A00C0A6FA /* Localizable.strings */; };
		A4662A0B23C87B8500C0A6FA /* Localizable.stringsdict in Resources */ = {isa = PBXBuildFile; fileRef = A4662A0A23C87B8500C0A6FA /* Localizable.stringsdict */; };
/* End PBXBuildFile section */

/* Begin PBXFileReference section */
		7161B938BD11319EECD3422E /* Pods_CIC.framework */ = {isa = PBXFileReference; explicitFileType = wrapper.framework; includeInIndex = 0; path = Pods_CIC.framework; sourceTree = BUILT_PRODUCTS_DIR; };
		A46629E623C87AE400C0A6FA /* Compound Interest Calculator.app */ = {isa = PBXFileReference; explicitFileType = wrapper.application; includeInIndex = 0; path = "Compound Interest Calculator.app"; sourceTree = BUILT_PRODUCTS_DIR; };
		A46629E923C87AE400C0A6FA /* AppDelegate.swift */ = {isa = PBXFileReference; lastKnownFileType = sourcecode.swift; path = AppDelegate.swift; sourceTree = "<group>"; };
		A46629ED23C87AE400C0A6FA /* ViewController.swift */ = {isa = PBXFileReference; lastKnownFileType = sourcecode.swift; path = ViewController.swift; sourceTree = "<group>"; };
		A46629F223C87AE600C0A6FA /* Assets.xcassets */ = {isa = PBXFileReference; lastKnownFileType = folder.assetcatalog; path = Assets.xcassets; sourceTree = "<group>"; };
		A46629F523C87AE600C0A6FA /* Base */ = {isa = PBXFileReference; lastKnownFileType = file.storyboard; name = Base; path = Base.lproj/LaunchScreen.storyboard; sourceTree = "<group>"; };
		A46629F723C87AE600C0A6FA /* Info.plist */ = {isa = PBXFileReference; lastKnownFileType = text.plist.xml; path = Info.plist; sourceTree = "<group>"; };
		A4662A0823C87B7A00C0A6FA /* Localizable.strings */ = {isa = PBXFileReference; lastKnownFileType = text.plist.strings; path = Localizable.strings; sourceTree = "<group>"; };
		A4662A0A23C87B8500C0A6FA /* Localizable.stringsdict */ = {isa = PBXFileReference; lastKnownFileType = text.plist.stringsdict; path = Localizable.stringsdict; sourceTree = "<group>"; };
		CE940C64F03F5D43198D1706 /* Pods-CIC.debug.xcconfig */ = {isa = PBXFileReference; includeInIndex = 1; lastKnownFileType = text.xcconfig; name = "Pods-CIC.debug.xcconfig"; path = "Target Support Files/Pods-CIC/Pods-CIC.debug.xcconfig"; sourceTree = "<group>"; };
		E3D7B6AE777D0FF012828FF9 /* Pods-CIC.release.xcconfig */ = {isa = PBXFileReference; includeInIndex = 1; lastKnownFileType = text.xcconfig; name = "Pods-CIC.release.xcconfig"; path = "Target Support Files/Pods-CIC/Pods-CIC.release.xcconfig"; sourceTree = "<group>"; };
/* End PBXFileReference section */

/* Begin PBXFrameworksBuildPhase section */
		A46629E323C87AE400C0A6FA /* Frameworks */ = {
			isa = PBXFrameworksBuildPhase;
			buildActionMask = 2147483647;
			files = (
				2D5A309BAC5F8F60821793D1 /* Pods_CIC.framework in Frameworks */,
			);
			runOnlyForDeploymentPostprocessing = 0;
		};
/* End PBXFrameworksBuildPhase section */

/* Begin PBXGroup section */
		51E343CDF9F3E4808B656E29 /* Frameworks */ = {
			isa = PBXGroup;
			children = (
				7161B938BD11319EECD3422E /* Pods_CIC.framework */,
			);
			name = Frameworks;
			sourceTree = "<group>";
		};
		A46629DD23C87AE400C0A6FA = {
			isa = PBXGroup;
			children = (
				A46629E823C87AE400C0A6FA /* CIC */,
				A46629E723C87AE400C0A6FA /* Products */,
				DAD3143E4660F22259C6F7F5 /* Pods */,
				51E343CDF9F3E4808B656E29 /* Frameworks */,
			);
			sourceTree = "<group>";
		};
		A46629E723C87AE400C0A6FA /* Products */ = {
			isa = PBXGroup;
			children = (
				A46629E623C87AE400C0A6FA /* Compound Interest Calculator.app */,
			);
			name = Products;
			sourceTree = "<group>";
		};
		A46629E823C87AE400C0A6FA /* CIC */ = {
			isa = PBXGroup;
			children = (
				A46629FD23C87AFF00C0A6FA /* Application */,
				A46629FE23C87B0700C0A6FA /* Sources */,
				A4662A0223C87B2500C0A6FA /* Resources */,
			);
			path = CIC;
			sourceTree = "<group>";
		};
		A46629FD23C87AFF00C0A6FA /* Application */ = {
			isa = PBXGroup;
			children = (
				A46629E923C87AE400C0A6FA /* AppDelegate.swift */,
			);
			path = Application;
			sourceTree = "<group>";
		};
		A46629FE23C87B0700C0A6FA /* Sources */ = {
			isa = PBXGroup;
			children = (
				A4662A0123C87B1D00C0A6FA /* Common */,
				A4662A0023C87B1600C0A6FA /* Services */,
				A46629FF23C87B1000C0A6FA /* PresentationLayer */,
			);
			path = Sources;
			sourceTree = "<group>";
		};
		A46629FF23C87B1000C0A6FA /* PresentationLayer */ = {
			isa = PBXGroup;
			children = (
				A46629ED23C87AE400C0A6FA /* ViewController.swift */,
			);
			path = PresentationLayer;
			sourceTree = "<group>";
		};
		A4662A0023C87B1600C0A6FA /* Services */ = {
			isa = PBXGroup;
			children = (
			);
			path = Services;
			sourceTree = "<group>";
		};
		A4662A0123C87B1D00C0A6FA /* Common */ = {
			isa = PBXGroup;
			children = (
				A4662A0F23C87C4F00C0A6FA /* Extensions */,
				A4662A0E23C87C4600C0A6FA /* Models */,
				A4662A0D23C87C3D00C0A6FA /* UtilityTypes */,
				A4662A0C23C87C1A00C0A6FA /* ViewControllers */,
			);
			path = Common;
			sourceTree = "<group>";
		};
		A4662A0223C87B2500C0A6FA /* Resources */ = {
			isa = PBXGroup;
			children = (
				A4662A0723C87B5600C0A6FA /* Fonts */,
				A4662A0623C87B5000C0A6FA /* Localizable */,
				A4662A0523C87B4B00C0A6FA /* Assets */,
				A4662A0423C87B4600C0A6FA /* Configuration */,
				A4662A0323C87B4000C0A6FA /* Storyboards */,
			);
			path = Resources;
			sourceTree = "<group>";
		};
		A4662A0323C87B4000C0A6FA /* Storyboards */ = {
			isa = PBXGroup;
			children = (
				A46629F423C87AE600C0A6FA /* LaunchScreen.storyboard */,
			);
			path = Storyboards;
			sourceTree = "<group>";
		};
		A4662A0423C87B4600C0A6FA /* Configuration */ = {
			isa = PBXGroup;
			children = (
				A46629F723C87AE600C0A6FA /* Info.plist */,
			);
			path = Configuration;
			sourceTree = "<group>";
		};
		A4662A0523C87B4B00C0A6FA /* Assets */ = {
			isa = PBXGroup;
			children = (
				A46629F223C87AE600C0A6FA /* Assets.xcassets */,
			);
			path = Assets;
			sourceTree = "<group>";
		};
		A4662A0623C87B5000C0A6FA /* Localizable */ = {
			isa = PBXGroup;
			children = (
				A4662A0823C87B7A00C0A6FA /* Localizable.strings */,
				A4662A0A23C87B8500C0A6FA /* Localizable.stringsdict */,
			);
			path = Localizable;
			sourceTree = "<group>";
		};
		A4662A0723C87B5600C0A6FA /* Fonts */ = {
			isa = PBXGroup;
			children = (
			);
			path = Fonts;
			sourceTree = "<group>";
		};
		A4662A0C23C87C1A00C0A6FA /* ViewControllers */ = {
			isa = PBXGroup;
			children = (
			);
			path = ViewControllers;
			sourceTree = "<group>";
		};
		A4662A0D23C87C3D00C0A6FA /* UtilityTypes */ = {
			isa = PBXGroup;
			children = (
			);
			path = UtilityTypes;
			sourceTree = "<group>";
		};
		A4662A0E23C87C4600C0A6FA /* Models */ = {
			isa = PBXGroup;
			children = (
			);
			path = Models;
			sourceTree = "<group>";
		};
		A4662A0F23C87C4F00C0A6FA /* Extensions */ = {
			isa = PBXGroup;
			children = (
			);
			path = Extensions;
			sourceTree = "<group>";
		};
		DAD3143E4660F22259C6F7F5 /* Pods */ = {
			isa = PBXGroup;
			children = (
				CE940C64F03F5D43198D1706 /* Pods-CIC.debug.xcconfig */,
				E3D7B6AE777D0FF012828FF9 /* Pods-CIC.release.xcconfig */,
			);
			name = Pods;
			path = Pods;
			sourceTree = "<group>";
		};
/* End PBXGroup section */

/* Begin PBXNativeTarget section */
		A46629E523C87AE400C0A6FA /* CIC */ = {
			isa = PBXNativeTarget;
			buildConfigurationList = A46629FA23C87AE600C0A6FA /* Build configuration list for PBXNativeTarget "CIC" */;
			buildPhases = (
				DC1C49F6EBE25D90B362D347 /* [CP] Check Pods Manifest.lock */,
				A46629E223C87AE400C0A6FA /* Sources */,
				A46629E323C87AE400C0A6FA /* Frameworks */,
				A46629E423C87AE400C0A6FA /* Resources */,
				9DF49A6AA00DAE2A154AA0ED /* [CP] Embed Pods Frameworks */,
			);
			buildRules = (
			);
			dependencies = (
			);
			name = CIC;
			productName = CIC;
			productReference = A46629E623C87AE400C0A6FA /* Compound Interest Calculator.app */;
			productType = "com.apple.product-type.application";
		};
/* End PBXNativeTarget section */

/* Begin PBXProject section */
		A46629DE23C87AE400C0A6FA /* Project object */ = {
			isa = PBXProject;
			attributes = {
				LastSwiftUpdateCheck = 1130;
				LastUpgradeCheck = 1130;
				ORGANIZATIONNAME = Home;
				TargetAttributes = {
					A46629E523C87AE400C0A6FA = {
						CreatedOnToolsVersion = 11.3;
					};
				};
			};
			buildConfigurationList = A46629E123C87AE400C0A6FA /* Build configuration list for PBXProject "CIC" */;
			compatibilityVersion = "Xcode 9.3";
			developmentRegion = en;
			hasScannedForEncodings = 0;
			knownRegions = (
				en,
				Base,
			);
			mainGroup = A46629DD23C87AE400C0A6FA;
			productRefGroup = A46629E723C87AE400C0A6FA /* Products */;
			projectDirPath = "";
			projectRoot = "";
			targets = (
				A46629E523C87AE400C0A6FA /* CIC */,
			);
		};
/* End PBXProject section */

/* Begin PBXResourcesBuildPhase section */
		A46629E423C87AE400C0A6FA /* Resources */ = {
			isa = PBXResourcesBuildPhase;
			buildActionMask = 2147483647;
			files = (
				A46629F623C87AE600C0A6FA /* LaunchScreen.storyboard in Resources */,
				A4662A0B23C87B8500C0A6FA /* Localizable.stringsdict in Resources */,
				A4662A0923C87B7A00C0A6FA /* Localizable.strings in Resources */,
				A46629F323C87AE600C0A6FA /* Assets.xcassets in Resources */,
			);
			runOnlyForDeploymentPostprocessing = 0;
		};
/* End PBXResourcesBuildPhase section */

/* Begin PBXShellScriptBuildPhase section */
		9DF49A6AA00DAE2A154AA0ED /* [CP] Embed Pods Frameworks */ = {
			isa = PBXShellScriptBuildPhase;
			buildActionMask = 2147483647;
			files = (
			);
			inputFileListPaths = (
				"${PODS_ROOT}/Target Support Files/Pods-CIC/Pods-CIC-frameworks-${CONFIGURATION}-input-files.xcfilelist",
			);
			name = "[CP] Embed Pods Frameworks";
			outputFileListPaths = (
				"${PODS_ROOT}/Target Support Files/Pods-CIC/Pods-CIC-frameworks-${CONFIGURATION}-output-files.xcfilelist",
			);
			runOnlyForDeploymentPostprocessing = 0;
			shellPath = /bin/sh;
			shellScript = "\"${PODS_ROOT}/Target Support Files/Pods-CIC/Pods-CIC-frameworks.sh\"\n";
			showEnvVarsInLog = 0;
		};
		DC1C49F6EBE25D90B362D347 /* [CP] Check Pods Manifest.lock */ = {
			isa = PBXShellScriptBuildPhase;
			buildActionMask = 2147483647;
			files = (
			);
			inputFileListPaths = (
			);
			inputPaths = (
				"${PODS_PODFILE_DIR_PATH}/Podfile.lock",
				"${PODS_ROOT}/Manifest.lock",
			);
			name = "[CP] Check Pods Manifest.lock";
			outputFileListPaths = (
			);
			outputPaths = (
				"$(DERIVED_FILE_DIR)/Pods-CIC-checkManifestLockResult.txt",
			);
			runOnlyForDeploymentPostprocessing = 0;
			shellPath = /bin/sh;
			shellScript = "diff \"${PODS_PODFILE_DIR_PATH}/Podfile.lock\" \"${PODS_ROOT}/Manifest.lock\" > /dev/null\nif [ $? != 0 ] ; then\n    # print error to STDERR\n    echo \"error: The sandbox is not in sync with the Podfile.lock. Run 'pod install' or update your CocoaPods installation.\" >&2\n    exit 1\nfi\n# This output is used by Xcode 'outputs' to avoid re-running this script phase.\necho \"SUCCESS\" > \"${SCRIPT_OUTPUT_FILE_0}\"\n";
			showEnvVarsInLog = 0;
		};
/* End PBXShellScriptBuildPhase section */

/* Begin PBXSourcesBuildPhase section */
		A46629E223C87AE400C0A6FA /* Sources */ = {
			isa = PBXSourcesBuildPhase;
			buildActionMask = 2147483647;
			files = (
				A46629EE23C87AE400C0A6FA /* ViewController.swift in Sources */,
				A46629EA23C87AE400C0A6FA /* AppDelegate.swift in Sources */,
			);
			runOnlyForDeploymentPostprocessing = 0;
		};
/* End PBXSourcesBuildPhase section */

/* Begin PBXVariantGroup section */
		A46629F423C87AE600C0A6FA /* LaunchScreen.storyboard */ = {
			isa = PBXVariantGroup;
			children = (
				A46629F523C87AE600C0A6FA /* Base */,
			);
			name = LaunchScreen.storyboard;
			sourceTree = "<group>";
		};
/* End PBXVariantGroup section */

/* Begin XCBuildConfiguration section */
		A46629F823C87AE600C0A6FA /* Debug */ = {
			isa = XCBuildConfiguration;
			buildSettings = {
				ALWAYS_SEARCH_USER_PATHS = NO;
				CLANG_ANALYZER_NONNULL = YES;
				CLANG_ANALYZER_NUMBER_OBJECT_CONVERSION = YES_AGGRESSIVE;
				CLANG_CXX_LANGUAGE_STANDARD = "gnu++14";
				CLANG_CXX_LIBRARY = "libc++";
				CLANG_ENABLE_MODULES = YES;
				CLANG_ENABLE_OBJC_ARC = YES;
				CLANG_ENABLE_OBJC_WEAK = YES;
				CLANG_WARN_BLOCK_CAPTURE_AUTORELEASING = YES;
				CLANG_WARN_BOOL_CONVERSION = YES;
				CLANG_WARN_COMMA = YES;
				CLANG_WARN_CONSTANT_CONVERSION = YES;
				CLANG_WARN_DEPRECATED_OBJC_IMPLEMENTATIONS = YES;
				CLANG_WARN_DIRECT_OBJC_ISA_USAGE = YES_ERROR;
				CLANG_WARN_DOCUMENTATION_COMMENTS = YES;
				CLANG_WARN_EMPTY_BODY = YES;
				CLANG_WARN_ENUM_CONVERSION = YES;
				CLANG_WARN_INFINITE_RECURSION = YES;
				CLANG_WARN_INT_CONVERSION = YES;
				CLANG_WARN_NON_LITERAL_NULL_CONVERSION = YES;
				CLANG_WARN_OBJC_IMPLICIT_RETAIN_SELF = YES;
				CLANG_WARN_OBJC_LITERAL_CONVERSION = YES;
				CLANG_WARN_OBJC_ROOT_CLASS = YES_ERROR;
				CLANG_WARN_RANGE_LOOP_ANALYSIS = YES;
				CLANG_WARN_STRICT_PROTOTYPES = YES;
				CLANG_WARN_SUSPICIOUS_MOVE = YES;
				CLANG_WARN_UNGUARDED_AVAILABILITY = YES_AGGRESSIVE;
				CLANG_WARN_UNREACHABLE_CODE = YES;
				CLANG_WARN__DUPLICATE_METHOD_MATCH = YES;
				COPY_PHASE_STRIP = NO;
				DEBUG_INFORMATION_FORMAT = dwarf;
				ENABLE_STRICT_OBJC_MSGSEND = YES;
				ENABLE_TESTABILITY = YES;
				GCC_C_LANGUAGE_STANDARD = gnu11;
				GCC_DYNAMIC_NO_PIC = NO;
				GCC_NO_COMMON_BLOCKS = YES;
				GCC_OPTIMIZATION_LEVEL = 0;
				GCC_PREPROCESSOR_DEFINITIONS = (
					"DEBUG=1",
					"$(inherited)",
				);
				GCC_WARN_64_TO_32_BIT_CONVERSION = YES;
				GCC_WARN_ABOUT_RETURN_TYPE = YES_ERROR;
				GCC_WARN_UNDECLARED_SELECTOR = YES;
				GCC_WARN_UNINITIALIZED_AUTOS = YES_AGGRESSIVE;
				GCC_WARN_UNUSED_FUNCTION = YES;
				GCC_WARN_UNUSED_VARIABLE = YES;
				IPHONEOS_DEPLOYMENT_TARGET = 13.2;
				MTL_ENABLE_DEBUG_INFO = INCLUDE_SOURCE;
				MTL_FAST_MATH = YES;
				ONLY_ACTIVE_ARCH = YES;
				SDKROOT = iphoneos;
				SWIFT_ACTIVE_COMPILATION_CONDITIONS = DEBUG;
				SWIFT_OPTIMIZATION_LEVEL = "-Onone";
			};
			name = Debug;
		};
		A46629F923C87AE600C0A6FA /* Release */ = {
			isa = XCBuildConfiguration;
			buildSettings = {
				ALWAYS_SEARCH_USER_PATHS = NO;
				CLANG_ANALYZER_NONNULL = YES;
				CLANG_ANALYZER_NUMBER_OBJECT_CONVERSION = YES_AGGRESSIVE;
				CLANG_CXX_LANGUAGE_STANDARD = "gnu++14";
				CLANG_CXX_LIBRARY = "libc++";
				CLANG_ENABLE_MODULES = YES;
				CLANG_ENABLE_OBJC_ARC = YES;
				CLANG_ENABLE_OBJC_WEAK = YES;
				CLANG_WARN_BLOCK_CAPTURE_AUTORELEASING = YES;
				CLANG_WARN_BOOL_CONVERSION = YES;
				CLANG_WARN_COMMA = YES;
				CLANG_WARN_CONSTANT_CONVERSION = YES;
				CLANG_WARN_DEPRECATED_OBJC_IMPLEMENTATIONS = YES;
				CLANG_WARN_DIRECT_OBJC_ISA_USAGE = YES_ERROR;
				CLANG_WARN_DOCUMENTATION_COMMENTS = YES;
				CLANG_WARN_EMPTY_BODY = YES;
				CLANG_WARN_ENUM_CONVERSION = YES;
				CLANG_WARN_INFINITE_RECURSION = YES;
				CLANG_WARN_INT_CONVERSION = YES;
				CLANG_WARN_NON_LITERAL_NULL_CONVERSION = YES;
				CLANG_WARN_OBJC_IMPLICIT_RETAIN_SELF = YES;
				CLANG_WARN_OBJC_LITERAL_CONVERSION = YES;
				CLANG_WARN_OBJC_ROOT_CLASS = YES_ERROR;
				CLANG_WARN_RANGE_LOOP_ANALYSIS = YES;
				CLANG_WARN_STRICT_PROTOTYPES = YES;
				CLANG_WARN_SUSPICIOUS_MOVE = YES;
				CLANG_WARN_UNGUARDED_AVAILABILITY = YES_AGGRESSIVE;
				CLANG_WARN_UNREACHABLE_CODE = YES;
				CLANG_WARN__DUPLICATE_METHOD_MATCH = YES;
				COPY_PHASE_STRIP = NO;
				DEBUG_INFORMATION_FORMAT = "dwarf-with-dsym";
				ENABLE_NS_ASSERTIONS = NO;
				ENABLE_STRICT_OBJC_MSGSEND = YES;
				GCC_C_LANGUAGE_STANDARD = gnu11;
				GCC_NO_COMMON_BLOCKS = YES;
				GCC_WARN_64_TO_32_BIT_CONVERSION = YES;
				GCC_WARN_ABOUT_RETURN_TYPE = YES_ERROR;
				GCC_WARN_UNDECLARED_SELECTOR = YES;
				GCC_WARN_UNINITIALIZED_AUTOS = YES_AGGRESSIVE;
				GCC_WARN_UNUSED_FUNCTION = YES;
				GCC_WARN_UNUSED_VARIABLE = YES;
				IPHONEOS_DEPLOYMENT_TARGET = 13.2;
				MTL_ENABLE_DEBUG_INFO = NO;
				MTL_FAST_MATH = YES;
				SDKROOT = iphoneos;
				SWIFT_COMPILATION_MODE = wholemodule;
				SWIFT_OPTIMIZATION_LEVEL = "-O";
				VALIDATE_PRODUCT = YES;
			};
			name = Release;
		};
		A46629FB23C87AE600C0A6FA /* Debug */ = {
			isa = XCBuildConfiguration;
			baseConfigurationReference = CE940C64F03F5D43198D1706 /* Pods-CIC.debug.xcconfig */;
			buildSettings = {
				ASSETCATALOG_COMPILER_APPICON_NAME = AppIcon;
				CODE_SIGN_STYLE = Automatic;
				DEVELOPMENT_TEAM = 9RPM332AK2;
				INFOPLIST_FILE = CIC/Info.plist;
				LD_RUNPATH_SEARCH_PATHS = (
					"$(inherited)",
					"@executable_path/Frameworks",
				);
				PRODUCT_BUNDLE_IDENTIFIER = ru.kostyuchenko.CIC;
				PRODUCT_NAME = "Compound Interest Calculator";
				SWIFT_VERSION = 5.0;
				TARGETED_DEVICE_FAMILY = 1;
			};
			name = Debug;
		};
		A46629FC23C87AE600C0A6FA /* Release */ = {
			isa = XCBuildConfiguration;
			baseConfigurationReference = E3D7B6AE777D0FF012828FF9 /* Pods-CIC.release.xcconfig */;
			buildSettings = {
				ASSETCATALOG_COMPILER_APPICON_NAME = AppIcon;
				CODE_SIGN_STYLE = Automatic;
				DEVELOPMENT_TEAM = 9RPM332AK2;
				INFOPLIST_FILE = CIC/Info.plist;
				LD_RUNPATH_SEARCH_PATHS = (
					"$(inherited)",
					"@executable_path/Frameworks",
				);
				PRODUCT_BUNDLE_IDENTIFIER = ru.kostyuchenko.CIC;
				PRODUCT_NAME = "Compound Interest Calculator";
				SWIFT_VERSION = 5.0;
				TARGETED_DEVICE_FAMILY = 1;
			};
			name = Release;
		};
/* End XCBuildConfiguration section */

/* Begin XCConfigurationList section */
		A46629E123C87AE400C0A6FA /* Build configuration list for PBXProject "CIC" */ = {
			isa = XCConfigurationList;
			buildConfigurations = (
				A46629F823C87AE600C0A6FA /* Debug */,
				A46629F923C87AE600C0A6FA /* Release */,
			);
			defaultConfigurationIsVisible = 0;
			defaultConfigurationName = Release;
		};
		A46629FA23C87AE600C0A6FA /* Build configuration list for PBXNativeTarget "CIC" */ = {
			isa = XCConfigurationList;
			buildConfigurations = (
				A46629FB23C87AE600C0A6FA /* Debug */,
				A46629FC23C87AE600C0A6FA /* Release */,
			);
			defaultConfigurationIsVisible = 0;
			defaultConfigurationName = Release;
		};
/* End XCConfigurationList section */
	};
	rootObject = A46629DE23C87AE400C0A6FA /* Project object */;
}
