// !$*UTF8*$!
{
	archiveVersion = 1;
	classes = {
	};
	objectVersion = 51;
	objects = {

/* Begin PBXBuildFile section */
		0D6CC81D5F967EAE2BA0C04E /* ResultRouter.swift in Sources */ = {isa = PBXBuildFile; fileRef = 10851E0ED04D9EB5D46DCA78 /* ResultRouter.swift */; };
		2324665E4A5DE853522364D5 /* ResultBuilder.swift in Sources */ = {isa = PBXBuildFile; fileRef = 915DE1F4031F2B264B696082 /* ResultBuilder.swift */; };
		2CEB7F3BBB6BF555C35D49AD /* MainBuilder.swift in Sources */ = {isa = PBXBuildFile; fileRef = 8DEF44DD28D0C6C25F5B6F1D /* MainBuilder.swift */; };
		409E2434A9169E037790FDB5 /* ResultViewController.swift in Sources */ = {isa = PBXBuildFile; fileRef = 23C9E2D363CE8F04CDD6786D /* ResultViewController.swift */; };
		4348D2AF23FAB19500CDF3EE /* ResultSectionType.swift in Sources */ = {isa = PBXBuildFile; fileRef = 4348D2AE23FAB19500CDF3EE /* ResultSectionType.swift */; };
		4348D2B123FAB1C900CDF3EE /* HeaderView.swift in Sources */ = {isa = PBXBuildFile; fileRef = 4348D2B023FAB1C900CDF3EE /* HeaderView.swift */; };
		4348D2B623FAC95200CDF3EE /* UIView+Vibration.swift in Sources */ = {isa = PBXBuildFile; fileRef = 4348D2B523FAC95200CDF3EE /* UIView+Vibration.swift */; };
		4348D2B823FACABC00CDF3EE /* UIView+Animate.swift in Sources */ = {isa = PBXBuildFile; fileRef = 4348D2B723FACABC00CDF3EE /* UIView+Animate.swift */; };
		435092F524213D5C0077C589 /* CalculatorView.swift in Sources */ = {isa = PBXBuildFile; fileRef = 435092F424213D5C0077C589 /* CalculatorView.swift */; };
		435092F724215B320077C589 /* CalculatorTextField.swift in Sources */ = {isa = PBXBuildFile; fileRef = 435092F624215B320077C589 /* CalculatorTextField.swift */; };
		435092F924215E090077C589 /* InfoType.swift in Sources */ = {isa = PBXBuildFile; fileRef = 435092F824215E090077C589 /* InfoType.swift */; };
		435092FC2421609C0077C589 /* UINavigationBarAppearance.swift in Sources */ = {isa = PBXBuildFile; fileRef = 435092FB2421609C0077C589 /* UINavigationBarAppearance.swift */; };
		435092FF242160D70077C589 /* TipsAppearance.swift in Sources */ = {isa = PBXBuildFile; fileRef = 435092FE242160D70077C589 /* TipsAppearance.swift */; };
		43509301242161170077C589 /* Tips.swift in Sources */ = {isa = PBXBuildFile; fileRef = 43509300242161170077C589 /* Tips.swift */; };
		477CEA220DC5C1A460BCD2A5 /* MainContract.swift in Sources */ = {isa = PBXBuildFile; fileRef = 944F33EE5D03DD1DF46315A8 /* MainContract.swift */; };
		5EB36DFC5D45FCABB8BE0160 /* ResultContract.swift in Sources */ = {isa = PBXBuildFile; fileRef = 76C925AD72B79BB7BEB5D888 /* ResultContract.swift */; };
		694F752BD2BD490FB7D3B56E /* libPods-CIC.a in Frameworks */ = {isa = PBXBuildFile; fileRef = 25F02A4AE1B4ED8DC61C44CF /* libPods-CIC.a */; };
		8916485223E4669300D37C70 /* ResulCellType.swift in Sources */ = {isa = PBXBuildFile; fileRef = 8916485123E4669300D37C70 /* ResulCellType.swift */; };
		9CAE8C09808FE206037D05D6 /* ResultInteractor.swift in Sources */ = {isa = PBXBuildFile; fileRef = 8196B5F731B659E5E8CAB75E /* ResultInteractor.swift */; };
		A43C718923CBA62100DC14F9 /* UITableView+Registration.swift in Sources */ = {isa = PBXBuildFile; fileRef = A43C718823CBA62100DC14F9 /* UITableView+Registration.swift */; };
		A43C718E23CBA6C100DC14F9 /* AppearanceManager.swift in Sources */ = {isa = PBXBuildFile; fileRef = A43C718D23CBA6C100DC14F9 /* AppearanceManager.swift */; };
		A43C719123CBA6D300DC14F9 /* TableViewAppearance.swift in Sources */ = {isa = PBXBuildFile; fileRef = A43C719023CBA6D300DC14F9 /* TableViewAppearance.swift */; };
		A43C719323CBA6E000DC14F9 /* TableViewCellAppearance.swift in Sources */ = {isa = PBXBuildFile; fileRef = A43C719223CBA6E000DC14F9 /* TableViewCellAppearance.swift */; };
		A43C719623CBA7C800DC14F9 /* UIColor+App.swift in Sources */ = {isa = PBXBuildFile; fileRef = A43C719523CBA7C800DC14F9 /* UIColor+App.swift */; };
		A43C719923CBA86700DC14F9 /* DIContainer.swift in Sources */ = {isa = PBXBuildFile; fileRef = A43C719823CBA86700DC14F9 /* DIContainer.swift */; };
		A43C71DD23CE131000DC14F9 /* PaddingTextField.swift in Sources */ = {isa = PBXBuildFile; fileRef = A43C71DC23CE131000DC14F9 /* PaddingTextField.swift */; };
		A43C71E023CE13B500DC14F9 /* UIEdgeInsets+Init.swift in Sources */ = {isa = PBXBuildFile; fileRef = A43C71DF23CE13B500DC14F9 /* UIEdgeInsets+Init.swift */; };
		A43C71E223CE179E00DC14F9 /* CalculatorTableCell.swift in Sources */ = {isa = PBXBuildFile; fileRef = A43C71E123CE179E00DC14F9 /* CalculatorTableCell.swift */; };
		A43C71E523CE198000DC14F9 /* MainCellType.swift in Sources */ = {isa = PBXBuildFile; fileRef = A43C71E423CE198000DC14F9 /* MainCellType.swift */; };
		A43C71EB23CE1C9F00DC14F9 /* CalculateTableCell.swift in Sources */ = {isa = PBXBuildFile; fileRef = A43C71EA23CE1C9F00DC14F9 /* CalculateTableCell.swift */; };
		A43C71ED23CE1FFE00DC14F9 /* GradientButton.swift in Sources */ = {isa = PBXBuildFile; fileRef = A43C71EC23CE1FFE00DC14F9 /* GradientButton.swift */; };
		A43C71EF23CE201800DC14F9 /* GradientView.swift in Sources */ = {isa = PBXBuildFile; fileRef = A43C71EE23CE201800DC14F9 /* GradientView.swift */; };
		A46629EA23C87AE400C0A6FA /* AppDelegate.swift in Sources */ = {isa = PBXBuildFile; fileRef = A46629E923C87AE400C0A6FA /* AppDelegate.swift */; };
		A46629F323C87AE600C0A6FA /* Assets.xcassets in Resources */ = {isa = PBXBuildFile; fileRef = A46629F223C87AE600C0A6FA /* Assets.xcassets */; };
		A46629F623C87AE600C0A6FA /* LaunchScreen.storyboard in Resources */ = {isa = PBXBuildFile; fileRef = A46629F423C87AE600C0A6FA /* LaunchScreen.storyboard */; };
		A4662A0923C87B7A00C0A6FA /* Localizable.strings in Resources */ = {isa = PBXBuildFile; fileRef = A4662A0823C87B7A00C0A6FA /* Localizable.strings */; };
		A4662A0B23C87B8500C0A6FA /* Localizable.stringsdict in Resources */ = {isa = PBXBuildFile; fileRef = A4662A0A23C87B8500C0A6FA /* Localizable.stringsdict */; };
		A4662A1323C88A1D00C0A6FA /* UIView+Subviews.swift in Sources */ = {isa = PBXBuildFile; fileRef = A4662A1223C88A1D00C0A6FA /* UIView+Subviews.swift */; };
		A4662A1923C88B3700C0A6FA /* Margin.swift in Sources */ = {isa = PBXBuildFile; fileRef = A4662A1823C88B3700C0A6FA /* Margin.swift */; };
		A4662A1D23C88C3700C0A6FA /* NSObjectProtocol.swift in Sources */ = {isa = PBXBuildFile; fileRef = A4662A1C23C88C3700C0A6FA /* NSObjectProtocol.swift */; };
		A4B53FF023CE274A000E1906 /* GraphicTableCell.swift in Sources */ = {isa = PBXBuildFile; fileRef = A4B53FEF23CE274A000E1906 /* GraphicTableCell.swift */; };
		A4B53FF623CE3EC8000E1906 /* Result.swift in Sources */ = {isa = PBXBuildFile; fileRef = A4B53FF523CE3EC8000E1906 /* Result.swift */; };
		A4B53FF823CE3F6E000E1906 /* CapitalByPeriod.swift in Sources */ = {isa = PBXBuildFile; fileRef = A4B53FF723CE3F6E000E1906 /* CapitalByPeriod.swift */; };
		A4B53FFA23CE460A000E1906 /* ResultTableCell.swift in Sources */ = {isa = PBXBuildFile; fileRef = A4B53FF923CE460A000E1906 /* ResultTableCell.swift */; };
		A4B53FFC23CE4BF3000E1906 /* CapitalByPeriodTableCell.swift in Sources */ = {isa = PBXBuildFile; fileRef = A4B53FFB23CE4BF3000E1906 /* CapitalByPeriodTableCell.swift */; };
		A4E4B64A7FB691FF08F940CA /* MainViewController.swift in Sources */ = {isa = PBXBuildFile; fileRef = D36A83460BAF26160EEC56E0 /* MainViewController.swift */; };
		A690E4E41D1D688518FAF02F /* MainPresenter.swift in Sources */ = {isa = PBXBuildFile; fileRef = C9E8D0CDBC460C5987D184E8 /* MainPresenter.swift */; };
		C0AF9DAA5613CA2C9E0B71FB /* MainRouter.swift in Sources */ = {isa = PBXBuildFile; fileRef = 84FAC3C31C3BD479F11D678A /* MainRouter.swift */; };
		CC999086CF5659F9B2A0FFCF /* ResultPresenter.swift in Sources */ = {isa = PBXBuildFile; fileRef = 7F38B2DFE7A2029FECCAB407 /* ResultPresenter.swift */; };
		E64AD13BAFD2CC8DF5BDA956 /* MainInteractor.swift in Sources */ = {isa = PBXBuildFile; fileRef = 0973AC51DF14B275FE865A9E /* MainInteractor.swift */; };
/* End PBXBuildFile section */

/* Begin PBXFileReference section */
		0973AC51DF14B275FE865A9E /* MainInteractor.swift */ = {isa = PBXFileReference; includeInIndex = 1; lastKnownFileType = sourcecode.swift; path = MainInteractor.swift; sourceTree = "<group>"; };
		10851E0ED04D9EB5D46DCA78 /* ResultRouter.swift */ = {isa = PBXFileReference; includeInIndex = 1; lastKnownFileType = sourcecode.swift; path = ResultRouter.swift; sourceTree = "<group>"; };
		23C9E2D363CE8F04CDD6786D /* ResultViewController.swift */ = {isa = PBXFileReference; includeInIndex = 1; lastKnownFileType = sourcecode.swift; path = ResultViewController.swift; sourceTree = "<group>"; };
		25F02A4AE1B4ED8DC61C44CF /* libPods-CIC.a */ = {isa = PBXFileReference; explicitFileType = archive.ar; includeInIndex = 0; path = "libPods-CIC.a"; sourceTree = BUILT_PRODUCTS_DIR; };
		4348D2AC23FAAF4100CDF3EE /* libCharts.a */ = {isa = PBXFileReference; explicitFileType = archive.ar; path = libCharts.a; sourceTree = BUILT_PRODUCTS_DIR; };
		4348D2AE23FAB19500CDF3EE /* ResultSectionType.swift */ = {isa = PBXFileReference; lastKnownFileType = sourcecode.swift; path = ResultSectionType.swift; sourceTree = "<group>"; };
		4348D2B023FAB1C900CDF3EE /* HeaderView.swift */ = {isa = PBXFileReference; lastKnownFileType = sourcecode.swift; path = HeaderView.swift; sourceTree = "<group>"; };
		4348D2B523FAC95200CDF3EE /* UIView+Vibration.swift */ = {isa = PBXFileReference; lastKnownFileType = sourcecode.swift; path = "UIView+Vibration.swift"; sourceTree = "<group>"; };
		4348D2B723FACABC00CDF3EE /* UIView+Animate.swift */ = {isa = PBXFileReference; lastKnownFileType = sourcecode.swift; path = "UIView+Animate.swift"; sourceTree = "<group>"; };
		435092F424213D5C0077C589 /* CalculatorView.swift */ = {isa = PBXFileReference; lastKnownFileType = sourcecode.swift; path = CalculatorView.swift; sourceTree = "<group>"; };
		435092F624215B320077C589 /* CalculatorTextField.swift */ = {isa = PBXFileReference; lastKnownFileType = sourcecode.swift; path = CalculatorTextField.swift; sourceTree = "<group>"; };
		435092F824215E090077C589 /* InfoType.swift */ = {isa = PBXFileReference; lastKnownFileType = sourcecode.swift; name = InfoType.swift; path = CIC/Sources/Common/View/InfoType.swift; sourceTree = SOURCE_ROOT; };
		435092FB2421609C0077C589 /* UINavigationBarAppearance.swift */ = {isa = PBXFileReference; lastKnownFileType = sourcecode.swift; path = UINavigationBarAppearance.swift; sourceTree = "<group>"; };
		435092FE242160D70077C589 /* TipsAppearance.swift */ = {isa = PBXFileReference; lastKnownFileType = sourcecode.swift; path = TipsAppearance.swift; sourceTree = "<group>"; };
		43509300242161170077C589 /* Tips.swift */ = {isa = PBXFileReference; lastKnownFileType = sourcecode.swift; path = Tips.swift; sourceTree = "<group>"; };
		76C925AD72B79BB7BEB5D888 /* ResultContract.swift */ = {isa = PBXFileReference; includeInIndex = 1; lastKnownFileType = sourcecode.swift; path = ResultContract.swift; sourceTree = "<group>"; };
		7F38B2DFE7A2029FECCAB407 /* ResultPresenter.swift */ = {isa = PBXFileReference; includeInIndex = 1; lastKnownFileType = sourcecode.swift; path = ResultPresenter.swift; sourceTree = "<group>"; };
		8196B5F731B659E5E8CAB75E /* ResultInteractor.swift */ = {isa = PBXFileReference; includeInIndex = 1; lastKnownFileType = sourcecode.swift; path = ResultInteractor.swift; sourceTree = "<group>"; };
		84FAC3C31C3BD479F11D678A /* MainRouter.swift */ = {isa = PBXFileReference; includeInIndex = 1; lastKnownFileType = sourcecode.swift; path = MainRouter.swift; sourceTree = "<group>"; };
		8916485123E4669300D37C70 /* ResulCellType.swift */ = {isa = PBXFileReference; lastKnownFileType = sourcecode.swift; path = ResulCellType.swift; sourceTree = "<group>"; };
		8DEF44DD28D0C6C25F5B6F1D /* MainBuilder.swift */ = {isa = PBXFileReference; includeInIndex = 1; lastKnownFileType = sourcecode.swift; path = MainBuilder.swift; sourceTree = "<group>"; };
		915DE1F4031F2B264B696082 /* ResultBuilder.swift */ = {isa = PBXFileReference; includeInIndex = 1; lastKnownFileType = sourcecode.swift; path = ResultBuilder.swift; sourceTree = "<group>"; };
		944F33EE5D03DD1DF46315A8 /* MainContract.swift */ = {isa = PBXFileReference; includeInIndex = 1; lastKnownFileType = sourcecode.swift; path = MainContract.swift; sourceTree = "<group>"; };
		A43C718823CBA62100DC14F9 /* UITableView+Registration.swift */ = {isa = PBXFileReference; lastKnownFileType = sourcecode.swift; path = "UITableView+Registration.swift"; sourceTree = "<group>"; };
		A43C718D23CBA6C100DC14F9 /* AppearanceManager.swift */ = {isa = PBXFileReference; lastKnownFileType = sourcecode.swift; path = AppearanceManager.swift; sourceTree = "<group>"; };
		A43C719023CBA6D300DC14F9 /* TableViewAppearance.swift */ = {isa = PBXFileReference; lastKnownFileType = sourcecode.swift; path = TableViewAppearance.swift; sourceTree = "<group>"; };
		A43C719223CBA6E000DC14F9 /* TableViewCellAppearance.swift */ = {isa = PBXFileReference; lastKnownFileType = sourcecode.swift; path = TableViewCellAppearance.swift; sourceTree = "<group>"; };
		A43C719523CBA7C800DC14F9 /* UIColor+App.swift */ = {isa = PBXFileReference; lastKnownFileType = sourcecode.swift; path = "UIColor+App.swift"; sourceTree = "<group>"; };
		A43C719823CBA86700DC14F9 /* DIContainer.swift */ = {isa = PBXFileReference; lastKnownFileType = sourcecode.swift; path = DIContainer.swift; sourceTree = "<group>"; };
		A43C71DC23CE131000DC14F9 /* PaddingTextField.swift */ = {isa = PBXFileReference; lastKnownFileType = sourcecode.swift; path = PaddingTextField.swift; sourceTree = "<group>"; };
		A43C71DF23CE13B500DC14F9 /* UIEdgeInsets+Init.swift */ = {isa = PBXFileReference; lastKnownFileType = sourcecode.swift; path = "UIEdgeInsets+Init.swift"; sourceTree = "<group>"; };
		A43C71E123CE179E00DC14F9 /* CalculatorTableCell.swift */ = {isa = PBXFileReference; lastKnownFileType = sourcecode.swift; path = CalculatorTableCell.swift; sourceTree = "<group>"; };
		A43C71E423CE198000DC14F9 /* MainCellType.swift */ = {isa = PBXFileReference; lastKnownFileType = sourcecode.swift; path = MainCellType.swift; sourceTree = "<group>"; };
		A43C71EA23CE1C9F00DC14F9 /* CalculateTableCell.swift */ = {isa = PBXFileReference; lastKnownFileType = sourcecode.swift; path = CalculateTableCell.swift; sourceTree = "<group>"; };
		A43C71EC23CE1FFE00DC14F9 /* GradientButton.swift */ = {isa = PBXFileReference; lastKnownFileType = sourcecode.swift; path = GradientButton.swift; sourceTree = "<group>"; };
		A43C71EE23CE201800DC14F9 /* GradientView.swift */ = {isa = PBXFileReference; lastKnownFileType = sourcecode.swift; path = GradientView.swift; sourceTree = "<group>"; };
		A46629E623C87AE400C0A6FA /* Compound Interest Calculator.app */ = {isa = PBXFileReference; explicitFileType = wrapper.application; includeInIndex = 0; path = "Compound Interest Calculator.app"; sourceTree = BUILT_PRODUCTS_DIR; };
		A46629E923C87AE400C0A6FA /* AppDelegate.swift */ = {isa = PBXFileReference; lastKnownFileType = sourcecode.swift; path = AppDelegate.swift; sourceTree = "<group>"; };
		A46629F223C87AE600C0A6FA /* Assets.xcassets */ = {isa = PBXFileReference; lastKnownFileType = folder.assetcatalog; path = Assets.xcassets; sourceTree = "<group>"; };
		A46629F523C87AE600C0A6FA /* Base */ = {isa = PBXFileReference; lastKnownFileType = file.storyboard; name = Base; path = Base.lproj/LaunchScreen.storyboard; sourceTree = "<group>"; };
		A46629F723C87AE600C0A6FA /* Info.plist */ = {isa = PBXFileReference; lastKnownFileType = text.plist.xml; path = Info.plist; sourceTree = "<group>"; };
		A4662A0823C87B7A00C0A6FA /* Localizable.strings */ = {isa = PBXFileReference; lastKnownFileType = text.plist.strings; path = Localizable.strings; sourceTree = "<group>"; };
		A4662A0A23C87B8500C0A6FA /* Localizable.stringsdict */ = {isa = PBXFileReference; lastKnownFileType = text.plist.stringsdict; path = Localizable.stringsdict; sourceTree = "<group>"; };
		A4662A1223C88A1D00C0A6FA /* UIView+Subviews.swift */ = {isa = PBXFileReference; lastKnownFileType = sourcecode.swift; path = "UIView+Subviews.swift"; sourceTree = "<group>"; };
		A4662A1823C88B3700C0A6FA /* Margin.swift */ = {isa = PBXFileReference; lastKnownFileType = sourcecode.swift; path = Margin.swift; sourceTree = "<group>"; };
		A4662A1C23C88C3700C0A6FA /* NSObjectProtocol.swift */ = {isa = PBXFileReference; lastKnownFileType = sourcecode.swift; path = NSObjectProtocol.swift; sourceTree = "<group>"; };
		A4B53FEF23CE274A000E1906 /* GraphicTableCell.swift */ = {isa = PBXFileReference; lastKnownFileType = sourcecode.swift; path = GraphicTableCell.swift; sourceTree = "<group>"; };
		A4B53FF523CE3EC8000E1906 /* Result.swift */ = {isa = PBXFileReference; lastKnownFileType = sourcecode.swift; path = Result.swift; sourceTree = "<group>"; };
		A4B53FF723CE3F6E000E1906 /* CapitalByPeriod.swift */ = {isa = PBXFileReference; lastKnownFileType = sourcecode.swift; path = CapitalByPeriod.swift; sourceTree = "<group>"; };
		A4B53FF923CE460A000E1906 /* ResultTableCell.swift */ = {isa = PBXFileReference; lastKnownFileType = sourcecode.swift; path = ResultTableCell.swift; sourceTree = "<group>"; };
		A4B53FFB23CE4BF3000E1906 /* CapitalByPeriodTableCell.swift */ = {isa = PBXFileReference; lastKnownFileType = sourcecode.swift; path = CapitalByPeriodTableCell.swift; sourceTree = "<group>"; };
		C9E8D0CDBC460C5987D184E8 /* MainPresenter.swift */ = {isa = PBXFileReference; includeInIndex = 1; lastKnownFileType = sourcecode.swift; path = MainPresenter.swift; sourceTree = "<group>"; };
		CE940C64F03F5D43198D1706 /* Pods-CIC.debug.xcconfig */ = {isa = PBXFileReference; includeInIndex = 1; lastKnownFileType = text.xcconfig; name = "Pods-CIC.debug.xcconfig"; path = "Target Support Files/Pods-CIC/Pods-CIC.debug.xcconfig"; sourceTree = "<group>"; };
		D36A83460BAF26160EEC56E0 /* MainViewController.swift */ = {isa = PBXFileReference; includeInIndex = 1; lastKnownFileType = sourcecode.swift; path = MainViewController.swift; sourceTree = "<group>"; };
		E3D7B6AE777D0FF012828FF9 /* Pods-CIC.release.xcconfig */ = {isa = PBXFileReference; includeInIndex = 1; lastKnownFileType = text.xcconfig; name = "Pods-CIC.release.xcconfig"; path = "Target Support Files/Pods-CIC/Pods-CIC.release.xcconfig"; sourceTree = "<group>"; };
/* End PBXFileReference section */

/* Begin PBXFrameworksBuildPhase section */
		A46629E323C87AE400C0A6FA /* Frameworks */ = {
			isa = PBXFrameworksBuildPhase;
			buildActionMask = 2147483647;
			files = (
				694F752BD2BD490FB7D3B56E /* libPods-CIC.a in Frameworks */,
			);
			runOnlyForDeploymentPostprocessing = 0;
		};
/* End PBXFrameworksBuildPhase section */

/* Begin PBXGroup section */
		0A4A06B83097E956F06473A9 /* Router */ = {
			isa = PBXGroup;
			children = (
				10851E0ED04D9EB5D46DCA78 /* ResultRouter.swift */,
			);
			path = Router;
			sourceTree = "<group>";
		};
		0BC94D3B9970491FDA345A35 /* Builder */ = {
			isa = PBXGroup;
			children = (
				8DEF44DD28D0C6C25F5B6F1D /* MainBuilder.swift */,
			);
			path = Builder;
			sourceTree = "<group>";
		};
		2A863A0AE1D57212F40FDB5D /* Builder */ = {
			isa = PBXGroup;
			children = (
				915DE1F4031F2B264B696082 /* ResultBuilder.swift */,
			);
			path = Builder;
			sourceTree = "<group>";
		};
		435092FA242160940077C589 /* UINavigationBar */ = {
			isa = PBXGroup;
			children = (
				435092FB2421609C0077C589 /* UINavigationBarAppearance.swift */,
			);
			path = UINavigationBar;
			sourceTree = "<group>";
		};
		435092FD242160D10077C589 /* Tips */ = {
			isa = PBXGroup;
			children = (
				435092FE242160D70077C589 /* TipsAppearance.swift */,
			);
			path = Tips;
			sourceTree = "<group>";
		};
		4CBF43FA708890F989E2519A /* Contract */ = {
			isa = PBXGroup;
			children = (
				76C925AD72B79BB7BEB5D888 /* ResultContract.swift */,
			);
			path = Contract;
			sourceTree = "<group>";
		};
		51E343CDF9F3E4808B656E29 /* Frameworks */ = {
			isa = PBXGroup;
			children = (
				4348D2AC23FAAF4100CDF3EE /* libCharts.a */,
				25F02A4AE1B4ED8DC61C44CF /* libPods-CIC.a */,
			);
			name = Frameworks;
			sourceTree = "<group>";
		};
		5218632AFBCF64BA881C00AE /* Main */ = {
			isa = PBXGroup;
			children = (
				0BC94D3B9970491FDA345A35 /* Builder */,
				8A915CA36C81404747C22152 /* Contract */,
				5381D06A18CBA36ECD6347C0 /* Interactor */,
				FF7197567DA66AF5B4C81769 /* Presenter */,
				60EAC5294B7E40B53906A8EB /* Router */,
				E202B45073A82D57F99AB599 /* View */,
			);
			path = Main;
			sourceTree = "<group>";
		};
		5381D06A18CBA36ECD6347C0 /* Interactor */ = {
			isa = PBXGroup;
			children = (
				0973AC51DF14B275FE865A9E /* MainInteractor.swift */,
			);
			path = Interactor;
			sourceTree = "<group>";
		};
		5425F6F3DEDD7892E722CF09 /* Interactor */ = {
			isa = PBXGroup;
			children = (
				8196B5F731B659E5E8CAB75E /* ResultInteractor.swift */,
			);
			path = Interactor;
			sourceTree = "<group>";
		};
		60EAC5294B7E40B53906A8EB /* Router */ = {
			isa = PBXGroup;
			children = (
				84FAC3C31C3BD479F11D678A /* MainRouter.swift */,
			);
			path = Router;
			sourceTree = "<group>";
		};
		8916485023E4668F00D37C70 /* Enum */ = {
			isa = PBXGroup;
			children = (
				8916485123E4669300D37C70 /* ResulCellType.swift */,
				4348D2AE23FAB19500CDF3EE /* ResultSectionType.swift */,
			);
			path = Enum;
			sourceTree = "<group>";
		};
		8916485323E46BEA00D37C70 /* UIView */ = {
			isa = PBXGroup;
			children = (
				A4B53FEF23CE274A000E1906 /* GraphicTableCell.swift */,
				A4B53FFB23CE4BF3000E1906 /* CapitalByPeriodTableCell.swift */,
				4348D2B023FAB1C900CDF3EE /* HeaderView.swift */,
			);
			path = UIView;
			sourceTree = "<group>";
		};
		8A915CA36C81404747C22152 /* Contract */ = {
			isa = PBXGroup;
			children = (
				944F33EE5D03DD1DF46315A8 /* MainContract.swift */,
			);
			path = Contract;
			sourceTree = "<group>";
		};
		90576B3D50749E7FE62956E5 /* View */ = {
			isa = PBXGroup;
			children = (
				8916485323E46BEA00D37C70 /* UIView */,
				23C9E2D363CE8F04CDD6786D /* ResultViewController.swift */,
			);
			path = View;
			sourceTree = "<group>";
		};
		9E2703E7CC18043A9BCEA6EA /* Presenter */ = {
			isa = PBXGroup;
			children = (
				8916485023E4668F00D37C70 /* Enum */,
				7F38B2DFE7A2029FECCAB407 /* ResultPresenter.swift */,
			);
			path = Presenter;
			sourceTree = "<group>";
		};
		A43C718723CBA61100DC14F9 /* UITableView */ = {
			isa = PBXGroup;
			children = (
				A43C718823CBA62100DC14F9 /* UITableView+Registration.swift */,
			);
			path = UITableView;
			sourceTree = "<group>";
		};
		A43C718A23CBA6AD00DC14F9 /* Appearance */ = {
			isa = PBXGroup;
			children = (
				435092FD242160D10077C589 /* Tips */,
				435092FA242160940077C589 /* UINavigationBar */,
				A43C718B23CBA6B400DC14F9 /* TableView */,
				A43C718D23CBA6C100DC14F9 /* AppearanceManager.swift */,
			);
			path = Appearance;
			sourceTree = "<group>";
		};
		A43C718B23CBA6B400DC14F9 /* TableView */ = {
			isa = PBXGroup;
			children = (
				A43C719023CBA6D300DC14F9 /* TableViewAppearance.swift */,
				A43C719223CBA6E000DC14F9 /* TableViewCellAppearance.swift */,
			);
			path = TableView;
			sourceTree = "<group>";
		};
		A43C719423CBA7BF00DC14F9 /* UIColor */ = {
			isa = PBXGroup;
			children = (
				A43C719523CBA7C800DC14F9 /* UIColor+App.swift */,
			);
			path = UIColor;
			sourceTree = "<group>";
		};
		A43C719723CBA86100DC14F9 /* DependencyContainer */ = {
			isa = PBXGroup;
			children = (
				A43C719823CBA86700DC14F9 /* DIContainer.swift */,
			);
			path = DependencyContainer;
			sourceTree = "<group>";
		};
		A43C71DB23CE12F900DC14F9 /* View */ = {
			isa = PBXGroup;
			children = (
				A43C71DC23CE131000DC14F9 /* PaddingTextField.swift */,
				A43C71EC23CE1FFE00DC14F9 /* GradientButton.swift */,
				A43C71EE23CE201800DC14F9 /* GradientView.swift */,
				435092F424213D5C0077C589 /* CalculatorView.swift */,
				435092F624215B320077C589 /* CalculatorTextField.swift */,
			);
			path = View;
			sourceTree = "<group>";
		};
		A43C71DE23CE13AE00DC14F9 /* UIEdgeInsets */ = {
			isa = PBXGroup;
			children = (
				A43C71DF23CE13B500DC14F9 /* UIEdgeInsets+Init.swift */,
			);
			path = UIEdgeInsets;
			sourceTree = "<group>";
		};
		A43C71E323CE197800DC14F9 /* Enum */ = {
			isa = PBXGroup;
			children = (
				A43C71E423CE198000DC14F9 /* MainCellType.swift */,
			);
			path = Enum;
			sourceTree = "<group>";
		};
		A450D7F023CBA2EA00C734B6 /* View */ = {
			isa = PBXGroup;
			children = (
				A43C71E123CE179E00DC14F9 /* CalculatorTableCell.swift */,
				A43C71EA23CE1C9F00DC14F9 /* CalculateTableCell.swift */,
				A4B53FF923CE460A000E1906 /* ResultTableCell.swift */,
			);
			path = View;
			sourceTree = "<group>";
		};
		A46629DD23C87AE400C0A6FA = {
			isa = PBXGroup;
			children = (
				A46629E823C87AE400C0A6FA /* CIC */,
				A46629E723C87AE400C0A6FA /* Products */,
				DAD3143E4660F22259C6F7F5 /* Pods */,
				51E343CDF9F3E4808B656E29 /* Frameworks */,
			);
			sourceTree = "<group>";
		};
		A46629E723C87AE400C0A6FA /* Products */ = {
			isa = PBXGroup;
			children = (
				A46629E623C87AE400C0A6FA /* Compound Interest Calculator.app */,
			);
			name = Products;
			sourceTree = "<group>";
		};
		A46629E823C87AE400C0A6FA /* CIC */ = {
			isa = PBXGroup;
			children = (
				A46629FD23C87AFF00C0A6FA /* Application */,
				A46629FE23C87B0700C0A6FA /* Sources */,
				A4662A0223C87B2500C0A6FA /* Resources */,
			);
			path = CIC;
			sourceTree = "<group>";
		};
		A46629FD23C87AFF00C0A6FA /* Application */ = {
			isa = PBXGroup;
			children = (
				A46629E923C87AE400C0A6FA /* AppDelegate.swift */,
			);
			path = Application;
			sourceTree = "<group>";
		};
		A46629FE23C87B0700C0A6FA /* Sources */ = {
			isa = PBXGroup;
			children = (
				A4662A0123C87B1D00C0A6FA /* Common */,
				A4662A0023C87B1600C0A6FA /* Services */,
				A46629FF23C87B1000C0A6FA /* PresentationLayer */,
			);
			path = Sources;
			sourceTree = "<group>";
		};
		A46629FF23C87B1000C0A6FA /* PresentationLayer */ = {
			isa = PBXGroup;
			children = (
				5218632AFBCF64BA881C00AE /* Main */,
				FD31F0B1FF2909A6C5FC6D59 /* Result */,
			);
			path = PresentationLayer;
			sourceTree = "<group>";
		};
		A4662A0023C87B1600C0A6FA /* Services */ = {
			isa = PBXGroup;
			children = (
			);
			path = Services;
			sourceTree = "<group>";
		};
		A4662A0123C87B1D00C0A6FA /* Common */ = {
			isa = PBXGroup;
			children = (
				A43C71DB23CE12F900DC14F9 /* View */,
				A4662A1423C88B1D00C0A6FA /* Helpers */,
				A4662A0F23C87C4F00C0A6FA /* Extensions */,
				A4662A0E23C87C4600C0A6FA /* Models */,
				A4662A0D23C87C3D00C0A6FA /* UtilityTypes */,
				A4662A0C23C87C1A00C0A6FA /* ViewControllers */,
			);
			path = Common;
			sourceTree = "<group>";
		};
		A4662A0223C87B2500C0A6FA /* Resources */ = {
			isa = PBXGroup;
			children = (
				A4662A0723C87B5600C0A6FA /* Fonts */,
				A4662A0623C87B5000C0A6FA /* Localizable */,
				A4662A0523C87B4B00C0A6FA /* Assets */,
				A4662A0423C87B4600C0A6FA /* Configuration */,
				A4662A0323C87B4000C0A6FA /* Storyboards */,
			);
			path = Resources;
			sourceTree = "<group>";
		};
		A4662A0323C87B4000C0A6FA /* Storyboards */ = {
			isa = PBXGroup;
			children = (
				A46629F423C87AE600C0A6FA /* LaunchScreen.storyboard */,
			);
			path = Storyboards;
			sourceTree = "<group>";
		};
		A4662A0423C87B4600C0A6FA /* Configuration */ = {
			isa = PBXGroup;
			children = (
				A46629F723C87AE600C0A6FA /* Info.plist */,
			);
			path = Configuration;
			sourceTree = "<group>";
		};
		A4662A0523C87B4B00C0A6FA /* Assets */ = {
			isa = PBXGroup;
			children = (
				A46629F223C87AE600C0A6FA /* Assets.xcassets */,
			);
			path = Assets;
			sourceTree = "<group>";
		};
		A4662A0623C87B5000C0A6FA /* Localizable */ = {
			isa = PBXGroup;
			children = (
				A4662A0823C87B7A00C0A6FA /* Localizable.strings */,
				A4662A0A23C87B8500C0A6FA /* Localizable.stringsdict */,
			);
			path = Localizable;
			sourceTree = "<group>";
		};
		A4662A0723C87B5600C0A6FA /* Fonts */ = {
			isa = PBXGroup;
			children = (
			);
			path = Fonts;
			sourceTree = "<group>";
		};
		A4662A0C23C87C1A00C0A6FA /* ViewControllers */ = {
			isa = PBXGroup;
			children = (
			);
			path = ViewControllers;
			sourceTree = "<group>";
		};
		A4662A0D23C87C3D00C0A6FA /* UtilityTypes */ = {
			isa = PBXGroup;
			children = (
				435092F824215E090077C589 /* InfoType.swift */,
			);
			path = UtilityTypes;
			sourceTree = "<group>";
		};
		A4662A0E23C87C4600C0A6FA /* Models */ = {
			isa = PBXGroup;
			children = (
				A4B53FF423CE3EC2000E1906 /* Plain */,
			);
			path = Models;
			sourceTree = "<group>";
		};
		A4662A0F23C87C4F00C0A6FA /* Extensions */ = {
			isa = PBXGroup;
			children = (
				A4662A1A23C88C2900C0A6FA /* Foundation */,
				A4662A1023C88A0A00C0A6FA /* UIKit */,
			);
			path = Extensions;
			sourceTree = "<group>";
		};
		A4662A1023C88A0A00C0A6FA /* UIKit */ = {
			isa = PBXGroup;
			children = (
				A43C71DE23CE13AE00DC14F9 /* UIEdgeInsets */,
				A43C719423CBA7BF00DC14F9 /* UIColor */,
				A43C718723CBA61100DC14F9 /* UITableView */,
				A4662A1123C88A1200C0A6FA /* UIView */,
			);
			path = UIKit;
			sourceTree = "<group>";
		};
		A4662A1123C88A1200C0A6FA /* UIView */ = {
			isa = PBXGroup;
			children = (
				A4662A1223C88A1D00C0A6FA /* UIView+Subviews.swift */,
				4348D2B523FAC95200CDF3EE /* UIView+Vibration.swift */,
				4348D2B723FACABC00CDF3EE /* UIView+Animate.swift */,
			);
			path = UIView;
			sourceTree = "<group>";
		};
		A4662A1423C88B1D00C0A6FA /* Helpers */ = {
			isa = PBXGroup;
			children = (
				A43C719723CBA86100DC14F9 /* DependencyContainer */,
				A43C718A23CBA6AD00DC14F9 /* Appearance */,
				A4662A1723C88B2F00C0A6FA /* Constants */,
			);
			path = Helpers;
			sourceTree = "<group>";
		};
		A4662A1723C88B2F00C0A6FA /* Constants */ = {
			isa = PBXGroup;
			children = (
				A4662A1823C88B3700C0A6FA /* Margin.swift */,
				43509300242161170077C589 /* Tips.swift */,
			);
			path = Constants;
			sourceTree = "<group>";
		};
		A4662A1A23C88C2900C0A6FA /* Foundation */ = {
			isa = PBXGroup;
			children = (
				A4662A1B23C88C2F00C0A6FA /* NSObjectProtocol */,
			);
			path = Foundation;
			sourceTree = "<group>";
		};
		A4662A1B23C88C2F00C0A6FA /* NSObjectProtocol */ = {
			isa = PBXGroup;
			children = (
				A4662A1C23C88C3700C0A6FA /* NSObjectProtocol.swift */,
			);
			path = NSObjectProtocol;
			sourceTree = "<group>";
		};
		A4B53FF423CE3EC2000E1906 /* Plain */ = {
			isa = PBXGroup;
			children = (
				A4B53FF523CE3EC8000E1906 /* Result.swift */,
				A4B53FF723CE3F6E000E1906 /* CapitalByPeriod.swift */,
			);
			path = Plain;
			sourceTree = "<group>";
		};
		DAD3143E4660F22259C6F7F5 /* Pods */ = {
			isa = PBXGroup;
			children = (
				CE940C64F03F5D43198D1706 /* Pods-CIC.debug.xcconfig */,
				E3D7B6AE777D0FF012828FF9 /* Pods-CIC.release.xcconfig */,
			);
			path = Pods;
			sourceTree = "<group>";
		};
		E202B45073A82D57F99AB599 /* View */ = {
			isa = PBXGroup;
			children = (
				A450D7F023CBA2EA00C734B6 /* View */,
				D36A83460BAF26160EEC56E0 /* MainViewController.swift */,
			);
			path = View;
			sourceTree = "<group>";
		};
		FD31F0B1FF2909A6C5FC6D59 /* Result */ = {
			isa = PBXGroup;
			children = (
				2A863A0AE1D57212F40FDB5D /* Builder */,
				4CBF43FA708890F989E2519A /* Contract */,
				5425F6F3DEDD7892E722CF09 /* Interactor */,
				9E2703E7CC18043A9BCEA6EA /* Presenter */,
				0A4A06B83097E956F06473A9 /* Router */,
				90576B3D50749E7FE62956E5 /* View */,
			);
			path = Result;
			sourceTree = "<group>";
		};
		FF7197567DA66AF5B4C81769 /* Presenter */ = {
			isa = PBXGroup;
			children = (
				A43C71E323CE197800DC14F9 /* Enum */,
				C9E8D0CDBC460C5987D184E8 /* MainPresenter.swift */,
			);
			path = Presenter;
			sourceTree = "<group>";
		};
/* End PBXGroup section */

/* Begin PBXNativeTarget section */
		A46629E523C87AE400C0A6FA /* CIC */ = {
			isa = PBXNativeTarget;
			buildConfigurationList = A46629FA23C87AE600C0A6FA /* Build configuration list for PBXNativeTarget "CIC" */;
			buildPhases = (
				DC1C49F6EBE25D90B362D347 /* [CP] Check Pods Manifest.lock */,
				A46629E223C87AE400C0A6FA /* Sources */,
				A46629E323C87AE400C0A6FA /* Frameworks */,
				A46629E423C87AE400C0A6FA /* Resources */,
				25E27605064F9CB7A85A6539 /* [CP] Embed Pods Frameworks */,
			);
			buildRules = (
			);
			dependencies = (
			);
			name = CIC;
			productName = CIC;
			productReference = A46629E623C87AE400C0A6FA /* Compound Interest Calculator.app */;
			productType = "com.apple.product-type.application";
		};
/* End PBXNativeTarget section */

/* Begin PBXProject section */
		A46629DE23C87AE400C0A6FA /* Project object */ = {
			isa = PBXProject;
			attributes = {
				LastSwiftUpdateCheck = 1130;
				LastUpgradeCheck = 1130;
				ORGANIZATIONNAME = Home;
				TargetAttributes = {
					A46629E523C87AE400C0A6FA = {
						CreatedOnToolsVersion = 11.3;
					};
				};
			};
			buildConfigurationList = A46629E123C87AE400C0A6FA /* Build configuration list for PBXProject "CIC" */;
			compatibilityVersion = "Xcode 9.3";
			developmentRegion = en;
			hasScannedForEncodings = 0;
			knownRegions = (
				en,
				Base,
			);
			mainGroup = A46629DD23C87AE400C0A6FA;
			productRefGroup = A46629E723C87AE400C0A6FA /* Products */;
			projectDirPath = "";
			projectRoot = "";
			targets = (
				A46629E523C87AE400C0A6FA /* CIC */,
			);
		};
/* End PBXProject section */

/* Begin PBXResourcesBuildPhase section */
		A46629E423C87AE400C0A6FA /* Resources */ = {
			isa = PBXResourcesBuildPhase;
			buildActionMask = 2147483647;
			files = (
				A46629F623C87AE600C0A6FA /* LaunchScreen.storyboard in Resources */,
				A4662A0B23C87B8500C0A6FA /* Localizable.stringsdict in Resources */,
				A4662A0923C87B7A00C0A6FA /* Localizable.strings in Resources */,
				A46629F323C87AE600C0A6FA /* Assets.xcassets in Resources */,
			);
			runOnlyForDeploymentPostprocessing = 0;
		};
/* End PBXResourcesBuildPhase section */

/* Begin PBXShellScriptBuildPhase section */
		25E27605064F9CB7A85A6539 /* [CP] Embed Pods Frameworks */ = {
			isa = PBXShellScriptBuildPhase;
			buildActionMask = 2147483647;
			files = (
			);
			inputFileListPaths = (
				"${PODS_ROOT}/Target Support Files/Pods-CIC/Pods-CIC-frameworks-${CONFIGURATION}-input-files.xcfilelist",
			);
			name = "[CP] Embed Pods Frameworks";
			outputFileListPaths = (
				"${PODS_ROOT}/Target Support Files/Pods-CIC/Pods-CIC-frameworks-${CONFIGURATION}-output-files.xcfilelist",
			);
			runOnlyForDeploymentPostprocessing = 0;
			shellPath = /bin/sh;
			shellScript = "\"${PODS_ROOT}/Target Support Files/Pods-CIC/Pods-CIC-frameworks.sh\"\n";
			showEnvVarsInLog = 0;
		};
		DC1C49F6EBE25D90B362D347 /* [CP] Check Pods Manifest.lock */ = {
			isa = PBXShellScriptBuildPhase;
			buildActionMask = 2147483647;
			files = (
			);
			inputFileListPaths = (
			);
			inputPaths = (
				"${PODS_PODFILE_DIR_PATH}/Podfile.lock",
				"${PODS_ROOT}/Manifest.lock",
			);
			name = "[CP] Check Pods Manifest.lock";
			outputFileListPaths = (
			);
			outputPaths = (
				"$(DERIVED_FILE_DIR)/Pods-CIC-checkManifestLockResult.txt",
			);
			runOnlyForDeploymentPostprocessing = 0;
			shellPath = /bin/sh;
			shellScript = "diff \"${PODS_PODFILE_DIR_PATH}/Podfile.lock\" \"${PODS_ROOT}/Manifest.lock\" > /dev/null\nif [ $? != 0 ] ; then\n    # print error to STDERR\n    echo \"error: The sandbox is not in sync with the Podfile.lock. Run 'pod install' or update your CocoaPods installation.\" >&2\n    exit 1\nfi\n# This output is used by Xcode 'outputs' to avoid re-running this script phase.\necho \"SUCCESS\" > \"${SCRIPT_OUTPUT_FILE_0}\"\n";
			showEnvVarsInLog = 0;
		};
/* End PBXShellScriptBuildPhase section */

/* Begin PBXSourcesBuildPhase section */
		A46629E223C87AE400C0A6FA /* Sources */ = {
			isa = PBXSourcesBuildPhase;
			buildActionMask = 2147483647;
			files = (
				A43C71E223CE179E00DC14F9 /* CalculatorTableCell.swift in Sources */,
				A43C719623CBA7C800DC14F9 /* UIColor+App.swift in Sources */,
				A4662A1923C88B3700C0A6FA /* Margin.swift in Sources */,
				435092F724215B320077C589 /* CalculatorTextField.swift in Sources */,
				4348D2B823FACABC00CDF3EE /* UIView+Animate.swift in Sources */,
				A46629EA23C87AE400C0A6FA /* AppDelegate.swift in Sources */,
				A43C719923CBA86700DC14F9 /* DIContainer.swift in Sources */,
				A43C719323CBA6E000DC14F9 /* TableViewCellAppearance.swift in Sources */,
				A43C71EF23CE201800DC14F9 /* GradientView.swift in Sources */,
				A43C71EB23CE1C9F00DC14F9 /* CalculateTableCell.swift in Sources */,
				A4662A1323C88A1D00C0A6FA /* UIView+Subviews.swift in Sources */,
				435092FF242160D70077C589 /* TipsAppearance.swift in Sources */,
				A43C71DD23CE131000DC14F9 /* PaddingTextField.swift in Sources */,
				A4662A1D23C88C3700C0A6FA /* NSObjectProtocol.swift in Sources */,
				A43C718E23CBA6C100DC14F9 /* AppearanceManager.swift in Sources */,
				A43C71E523CE198000DC14F9 /* MainCellType.swift in Sources */,
				4348D2AF23FAB19500CDF3EE /* ResultSectionType.swift in Sources */,
				A43C719123CBA6D300DC14F9 /* TableViewAppearance.swift in Sources */,
				A43C71E023CE13B500DC14F9 /* UIEdgeInsets+Init.swift in Sources */,
				A43C718923CBA62100DC14F9 /* UITableView+Registration.swift in Sources */,
				477CEA220DC5C1A460BCD2A5 /* MainContract.swift in Sources */,
				435092F524213D5C0077C589 /* CalculatorView.swift in Sources */,
				4348D2B623FAC95200CDF3EE /* UIView+Vibration.swift in Sources */,
				A4E4B64A7FB691FF08F940CA /* MainViewController.swift in Sources */,
				435092F924215E090077C589 /* InfoType.swift in Sources */,
				A690E4E41D1D688518FAF02F /* MainPresenter.swift in Sources */,
				43509301242161170077C589 /* Tips.swift in Sources */,
				435092FC2421609C0077C589 /* UINavigationBarAppearance.swift in Sources */,
				E64AD13BAFD2CC8DF5BDA956 /* MainInteractor.swift in Sources */,
				C0AF9DAA5613CA2C9E0B71FB /* MainRouter.swift in Sources */,
				A4B53FF623CE3EC8000E1906 /* Result.swift in Sources */,
				A43C71ED23CE1FFE00DC14F9 /* GradientButton.swift in Sources */,
				A4B53FF823CE3F6E000E1906 /* CapitalByPeriod.swift in Sources */,
				2CEB7F3BBB6BF555C35D49AD /* MainBuilder.swift in Sources */,
				A4B53FFC23CE4BF3000E1906 /* CapitalByPeriodTableCell.swift in Sources */,
				A4B53FFA23CE460A000E1906 /* ResultTableCell.swift in Sources */,
				A4B53FF023CE274A000E1906 /* GraphicTableCell.swift in Sources */,
				4348D2B123FAB1C900CDF3EE /* HeaderView.swift in Sources */,
				5EB36DFC5D45FCABB8BE0160 /* ResultContract.swift in Sources */,
				409E2434A9169E037790FDB5 /* ResultViewController.swift in Sources */,
				CC999086CF5659F9B2A0FFCF /* ResultPresenter.swift in Sources */,
				9CAE8C09808FE206037D05D6 /* ResultInteractor.swift in Sources */,
				0D6CC81D5F967EAE2BA0C04E /* ResultRouter.swift in Sources */,
				2324665E4A5DE853522364D5 /* ResultBuilder.swift in Sources */,
				8916485223E4669300D37C70 /* ResulCellType.swift in Sources */,
			);
			runOnlyForDeploymentPostprocessing = 0;
		};
/* End PBXSourcesBuildPhase section */

/* Begin PBXVariantGroup section */
		A46629F423C87AE600C0A6FA /* LaunchScreen.storyboard */ = {
			isa = PBXVariantGroup;
			children = (
				A46629F523C87AE600C0A6FA /* Base */,
			);
			name = LaunchScreen.storyboard;
			sourceTree = "<group>";
		};
/* End PBXVariantGroup section */

/* Begin XCBuildConfiguration section */
		A46629F823C87AE600C0A6FA /* Debug */ = {
			isa = XCBuildConfiguration;
			buildSettings = {
				ALWAYS_SEARCH_USER_PATHS = NO;
				CLANG_ANALYZER_NONNULL = YES;
				CLANG_ANALYZER_NUMBER_OBJECT_CONVERSION = YES_AGGRESSIVE;
				CLANG_CXX_LANGUAGE_STANDARD = "gnu++14";
				CLANG_CXX_LIBRARY = "libc++";
				CLANG_ENABLE_MODULES = YES;
				CLANG_ENABLE_OBJC_ARC = YES;
				CLANG_ENABLE_OBJC_WEAK = YES;
				CLANG_WARN_BLOCK_CAPTURE_AUTORELEASING = YES;
				CLANG_WARN_BOOL_CONVERSION = YES;
				CLANG_WARN_COMMA = YES;
				CLANG_WARN_CONSTANT_CONVERSION = YES;
				CLANG_WARN_DEPRECATED_OBJC_IMPLEMENTATIONS = YES;
				CLANG_WARN_DIRECT_OBJC_ISA_USAGE = YES_ERROR;
				CLANG_WARN_DOCUMENTATION_COMMENTS = YES;
				CLANG_WARN_EMPTY_BODY = YES;
				CLANG_WARN_ENUM_CONVERSION = YES;
				CLANG_WARN_INFINITE_RECURSION = YES;
				CLANG_WARN_INT_CONVERSION = YES;
				CLANG_WARN_NON_LITERAL_NULL_CONVERSION = YES;
				CLANG_WARN_OBJC_IMPLICIT_RETAIN_SELF = YES;
				CLANG_WARN_OBJC_LITERAL_CONVERSION = YES;
				CLANG_WARN_OBJC_ROOT_CLASS = YES_ERROR;
				CLANG_WARN_RANGE_LOOP_ANALYSIS = YES;
				CLANG_WARN_STRICT_PROTOTYPES = YES;
				CLANG_WARN_SUSPICIOUS_MOVE = YES;
				CLANG_WARN_UNGUARDED_AVAILABILITY = YES_AGGRESSIVE;
				CLANG_WARN_UNREACHABLE_CODE = YES;
				CLANG_WARN__DUPLICATE_METHOD_MATCH = YES;
				COPY_PHASE_STRIP = NO;
				DEBUG_INFORMATION_FORMAT = dwarf;
				ENABLE_STRICT_OBJC_MSGSEND = YES;
				ENABLE_TESTABILITY = YES;
				GCC_C_LANGUAGE_STANDARD = gnu11;
				GCC_DYNAMIC_NO_PIC = NO;
				GCC_NO_COMMON_BLOCKS = YES;
				GCC_OPTIMIZATION_LEVEL = 0;
				GCC_PREPROCESSOR_DEFINITIONS = (
					"DEBUG=1",
					"$(inherited)",
				);
				GCC_WARN_64_TO_32_BIT_CONVERSION = YES;
				GCC_WARN_ABOUT_RETURN_TYPE = YES_ERROR;
				GCC_WARN_UNDECLARED_SELECTOR = YES;
				GCC_WARN_UNINITIALIZED_AUTOS = YES_AGGRESSIVE;
				GCC_WARN_UNUSED_FUNCTION = YES;
				GCC_WARN_UNUSED_VARIABLE = YES;
				IPHONEOS_DEPLOYMENT_TARGET = 13.2;
				MTL_ENABLE_DEBUG_INFO = INCLUDE_SOURCE;
				MTL_FAST_MATH = YES;
				ONLY_ACTIVE_ARCH = YES;
				SDKROOT = iphoneos;
				SWIFT_ACTIVE_COMPILATION_CONDITIONS = DEBUG;
				SWIFT_OPTIMIZATION_LEVEL = "-Onone";
			};
			name = Debug;
		};
		A46629F923C87AE600C0A6FA /* Release */ = {
			isa = XCBuildConfiguration;
			buildSettings = {
				ALWAYS_SEARCH_USER_PATHS = NO;
				CLANG_ANALYZER_NONNULL = YES;
				CLANG_ANALYZER_NUMBER_OBJECT_CONVERSION = YES_AGGRESSIVE;
				CLANG_CXX_LANGUAGE_STANDARD = "gnu++14";
				CLANG_CXX_LIBRARY = "libc++";
				CLANG_ENABLE_MODULES = YES;
				CLANG_ENABLE_OBJC_ARC = YES;
				CLANG_ENABLE_OBJC_WEAK = YES;
				CLANG_WARN_BLOCK_CAPTURE_AUTORELEASING = YES;
				CLANG_WARN_BOOL_CONVERSION = YES;
				CLANG_WARN_COMMA = YES;
				CLANG_WARN_CONSTANT_CONVERSION = YES;
				CLANG_WARN_DEPRECATED_OBJC_IMPLEMENTATIONS = YES;
				CLANG_WARN_DIRECT_OBJC_ISA_USAGE = YES_ERROR;
				CLANG_WARN_DOCUMENTATION_COMMENTS = YES;
				CLANG_WARN_EMPTY_BODY = YES;
				CLANG_WARN_ENUM_CONVERSION = YES;
				CLANG_WARN_INFINITE_RECURSION = YES;
				CLANG_WARN_INT_CONVERSION = YES;
				CLANG_WARN_NON_LITERAL_NULL_CONVERSION = YES;
				CLANG_WARN_OBJC_IMPLICIT_RETAIN_SELF = YES;
				CLANG_WARN_OBJC_LITERAL_CONVERSION = YES;
				CLANG_WARN_OBJC_ROOT_CLASS = YES_ERROR;
				CLANG_WARN_RANGE_LOOP_ANALYSIS = YES;
				CLANG_WARN_STRICT_PROTOTYPES = YES;
				CLANG_WARN_SUSPICIOUS_MOVE = YES;
				CLANG_WARN_UNGUARDED_AVAILABILITY = YES_AGGRESSIVE;
				CLANG_WARN_UNREACHABLE_CODE = YES;
				CLANG_WARN__DUPLICATE_METHOD_MATCH = YES;
				COPY_PHASE_STRIP = NO;
				DEBUG_INFORMATION_FORMAT = "dwarf-with-dsym";
				ENABLE_NS_ASSERTIONS = NO;
				ENABLE_STRICT_OBJC_MSGSEND = YES;
				GCC_C_LANGUAGE_STANDARD = gnu11;
				GCC_NO_COMMON_BLOCKS = YES;
				GCC_WARN_64_TO_32_BIT_CONVERSION = YES;
				GCC_WARN_ABOUT_RETURN_TYPE = YES_ERROR;
				GCC_WARN_UNDECLARED_SELECTOR = YES;
				GCC_WARN_UNINITIALIZED_AUTOS = YES_AGGRESSIVE;
				GCC_WARN_UNUSED_FUNCTION = YES;
				GCC_WARN_UNUSED_VARIABLE = YES;
				IPHONEOS_DEPLOYMENT_TARGET = 13.2;
				MTL_ENABLE_DEBUG_INFO = NO;
				MTL_FAST_MATH = YES;
				SDKROOT = iphoneos;
				SWIFT_COMPILATION_MODE = wholemodule;
				SWIFT_OPTIMIZATION_LEVEL = "-O";
				VALIDATE_PRODUCT = YES;
			};
			name = Release;
		};
		A46629FB23C87AE600C0A6FA /* Debug */ = {
			isa = XCBuildConfiguration;
			baseConfigurationReference = CE940C64F03F5D43198D1706 /* Pods-CIC.debug.xcconfig */;
			buildSettings = {
				ASSETCATALOG_COMPILER_APPICON_NAME = AppIcon;
				CODE_SIGN_IDENTITY = "iPhone Distribution";
				CODE_SIGN_STYLE = Manual;
				CURRENT_PROJECT_VERSION = 2;
				DEVELOPMENT_TEAM = Q9WXSNT6UT;
				INFOPLIST_FILE = "$(SRCROOT)/CIC/Resources/Configuration/Info.plist";
				LD_RUNPATH_SEARCH_PATHS = (
					"$(inherited)",
					"@executable_path/Frameworks",
				);
				MARKETING_VERSION = 1.0.0;
				PRODUCT_BUNDLE_IDENTIFIER = ru.kostyuchenko.compoundInterest;
				PRODUCT_NAME = "Compound Interest Calculator";
				PROVISIONING_PROFILE_SPECIFIER = "Compound interest calculator";
				SWIFT_VERSION = 5.0;
				TARGETED_DEVICE_FAMILY = 1;
			};
			name = Debug;
		};
		A46629FC23C87AE600C0A6FA /* Release */ = {
			isa = XCBuildConfiguration;
			baseConfigurationReference = E3D7B6AE777D0FF012828FF9 /* Pods-CIC.release.xcconfig */;
			buildSettings = {
				ASSETCATALOG_COMPILER_APPICON_NAME = AppIcon;
				CODE_SIGN_IDENTITY = "iPhone Distribution";
				CODE_SIGN_STYLE = Manual;
				CURRENT_PROJECT_VERSION = 2;
				DEVELOPMENT_TEAM = Q9WXSNT6UT;
				INFOPLIST_FILE = "$(SRCROOT)/CIC/Resources/Configuration/Info.plist";
				LD_RUNPATH_SEARCH_PATHS = (
					"$(inherited)",
					"@executable_path/Frameworks",
				);
				MARKETING_VERSION = 1.0.0;
				PRODUCT_BUNDLE_IDENTIFIER = ru.kostyuchenko.compoundInterest;
				PRODUCT_NAME = "Compound Interest Calculator";
				PROVISIONING_PROFILE_SPECIFIER = "Compound interest calculator";
				SWIFT_VERSION = 5.0;
				TARGETED_DEVICE_FAMILY = 1;
			};
			name = Release;
		};
/* End XCBuildConfiguration section */

/* Begin XCConfigurationList section */
		A46629E123C87AE400C0A6FA /* Build configuration list for PBXProject "CIC" */ = {
			isa = XCConfigurationList;
			buildConfigurations = (
				A46629F823C87AE600C0A6FA /* Debug */,
				A46629F923C87AE600C0A6FA /* Release */,
			);
			defaultConfigurationIsVisible = 0;
			defaultConfigurationName = Release;
		};
		A46629FA23C87AE600C0A6FA /* Build configuration list for PBXNativeTarget "CIC" */ = {
			isa = XCConfigurationList;
			buildConfigurations = (
				A46629FB23C87AE600C0A6FA /* Debug */,
				A46629FC23C87AE600C0A6FA /* Release */,
			);
			defaultConfigurationIsVisible = 0;
			defaultConfigurationName = Release;
		};
/* End XCConfigurationList section */
	};
	rootObject = A46629DE23C87AE400C0A6FA /* Project object */;
}
